
Microsoft Visual Studio Solution File, Format Version 12.00
# Visual Studio Version 16
VisualStudioVersion = 16.0.33027.164
MinimumVisualStudioVersion = 10.0.40219.1
Project("{FAE04EC0-301F-11D3-BF4B-00C04F79EFBC}") = "RS.UtilityLib", "RS.UtilityLib\RS.UtilityLib.csproj", "{43055DEE-DD87-4B1B-848A-4240E98837D8}"
EndProject
Project("{FAE04EC0-301F-11D3-BF4B-00C04F79EFBC}") = "RS.UtilityLib.StateMachine", "RS.UtilityLib.StateMachine\RS.UtilityLib.StateMachine.csproj", "{DB546C1E-0805-4B9A-A0D3-A5A9F3775E93}"
EndProject
Project("{2150E333-8FDC-42A3-9474-1A3956D46DE8}") = "Krypton.Docking.LTS", "Krypton.Docking.LTS", "{E87168B8-E5DD-4D41-A4F9-B9E5E1006486}"
EndProject
Project("{2150E333-8FDC-42A3-9474-1A3956D46DE8}") = "Native", "Native", "{D9A2A4A7-07BF-4EF9-9F07-C1612BE5541A}"
EndProject
Project("{2150E333-8FDC-42A3-9474-1A3956D46DE8}") = "ParsingCommandLine", "ParsingCommandLine", "{E2A28F61-252C-4DB6-8E9E-8BBD8B2F0807}"
EndProject
Project("{2150E333-8FDC-42A3-9474-1A3956D46DE8}") = "Docking", "Docking", "{3CB4E1DD-0B49-41FB-9F5B-E83E69324C0D}"
EndProject
Project("{FAE04EC0-301F-11D3-BF4B-00C04F79EFBC}") = "Krypton.Docking35", "RS.UtilityLib.Docking\Krypton\Docking35\Krypton.Docking35.csproj", "{C7EBB7A0-FDC9-4337-B097-DEB956AE7273}"
EndProject
Project("{FAE04EC0-301F-11D3-BF4B-00C04F79EFBC}") = "Krypton.DockingTest", "RS.UtilityLib.Docking\Krypton\DockingTest\Krypton.DockingTest.csproj", "{594DF023-E07B-422F-95D4-57B852A8E0E9}"
EndProject
Project("{FAE04EC0-301F-11D3-BF4B-00C04F79EFBC}") = "Krypton.Navigator35", "RS.UtilityLib.Docking\Krypton\Navigator35\Krypton.Navigator35.csproj", "{618A3BD6-F74D-4ADC-A21E-AAE6BBEFDA68}"
EndProject
Project("{FAE04EC0-301F-11D3-BF4B-00C04F79EFBC}") = "Krypton.Ribbon35", "RS.UtilityLib.Docking\Krypton\Ribbon35\Krypton.Ribbon35.csproj", "{A949EF6C-F7F8-4982-969E-1EA2E619EFB8}"
EndProject
Project("{FAE04EC0-301F-11D3-BF4B-00C04F79EFBC}") = "Krypton.Toolkit35", "RS.UtilityLib.Docking\Krypton\Toolkit35\Krypton.Toolkit35.csproj", "{2079CC05-B5D4-4CE6-8EDA-2480D7FA789E}"
EndProject
Project("{FAE04EC0-301F-11D3-BF4B-00C04F79EFBC}") = "Krypton.Workspace35", "RS.UtilityLib.Docking\Krypton\Workspace35\Krypton.Workspace35.csproj", "{09AFC98A-75A2-49EA-94C2-D208C71E4502}"
EndProject
Project("{2150E333-8FDC-42A3-9474-1A3956D46DE8}") = "Atiran.CustomDocking", "Atiran.CustomDocking", "{34604B42-E021-47DF-B01C-E3C5DEA08095}"
EndProject
Project("{FAE04EC0-301F-11D3-BF4B-00C04F79EFBC}") = "Atiran.CustomDocking", "RS.UtilityLib.Docking\Atiran.CustomDocking\Atiran.CustomDocking.csproj", "{1A79F15F-C892-46C7-BC26-79D2B6A0233B}"
EndProject
Project("{FAE04EC0-301F-11D3-BF4B-00C04F79EFBC}") = "Atiran.Test", "RS.UtilityLib.Docking\Atiran.CustomDocking\Test\Atiran.Test.csproj", "{9960C2C7-E71D-40F4-8169-DF39A29EB788}"
EndProject
Project("{2150E333-8FDC-42A3-9474-1A3956D46DE8}") = "WeifenLuo.DockPanelSuite", "WeifenLuo.DockPanelSuite", "{112F2018-EA59-466C-BDEE-9EF2F848EA2B}"
EndProject
Project("{FAE04EC0-301F-11D3-BF4B-00C04F79EFBC}") = "WeifenLuo.WinFormsUI.Docking", "RS.UtilityLib.Docking\WeifenLuo.WinFormsUI.Docking\WeifenLuo.WinFormsUI.Docking.csproj", "{0799CF17-DAB4-4767-8DC9-FD44B0FA9E14}"
EndProject
Project("{FAE04EC0-301F-11D3-BF4B-00C04F79EFBC}") = "WeifenLuo.ThemeVS2003_35", "RS.UtilityLib.Docking\WeifenLuo.WinFormsUI.Docking\ThemeVS2003_35\WeifenLuo.ThemeVS2003_35.csproj", "{4D836DC2-6487-4FDB-8496-A2FE6164CEA8}"
EndProject
Project("{FAE04EC0-301F-11D3-BF4B-00C04F79EFBC}") = "WeifenLuo.ThemeVS2005_35", "RS.UtilityLib.Docking\WeifenLuo.WinFormsUI.Docking\ThemeVS2005_35\WeifenLuo.ThemeVS2005_35.csproj", "{C19FBB99-970C-42ED-8E3F-32EFEC2DF85C}"
EndProject
Project("{FAE04EC0-301F-11D3-BF4B-00C04F79EFBC}") = "WeifenLuo.ThemeVS2005Multithreading35", "RS.UtilityLib.Docking\WeifenLuo.WinFormsUI.Docking\ThemeVS2005Multithreading35\WeifenLuo.ThemeVS2005Multithreading35.csproj", "{E17DF1C3-8A34-423F-971F-51EFA5AD4AE8}"
EndProject
Project("{FAE04EC0-301F-11D3-BF4B-00C04F79EFBC}") = "WeifenLuo.ThemeVS2012_35", "RS.UtilityLib.Docking\WeifenLuo.WinFormsUI.Docking\ThemeVS2012_35\WeifenLuo.ThemeVS2012_35.csproj", "{EB2C368F-AF61-4996-A159-C08EF23AD03C}"
EndProject
Project("{FAE04EC0-301F-11D3-BF4B-00C04F79EFBC}") = "WeifenLuo.ThemeVS2013_35", "RS.UtilityLib.Docking\WeifenLuo.WinFormsUI.Docking\ThemeVS2013_35\WeifenLuo.ThemeVS2013_35.csproj", "{5A6F9A5B-9691-4711-A76D-E7AE6E8EF304}"
EndProject
Project("{FAE04EC0-301F-11D3-BF4B-00C04F79EFBC}") = "WeifenLuo.ThemeVS2015_35", "RS.UtilityLib.Docking\WeifenLuo.WinFormsUI.Docking\ThemeVS2015_35\WeifenLuo.ThemeVS2015_35.csproj", "{4F507AC0-0803-41D4-BF85-F59B9D5DCFCD}"
EndProject
Project("{FAE04EC0-301F-11D3-BF4B-00C04F79EFBC}") = "WeifenLuo.DockSample", "RS.UtilityLib.Docking\WeifenLuo.WinFormsUI.Docking\DockSample\WeifenLuo.DockSample.csproj", "{40793A27-478B-4357-B4C3-FC8943131F3D}"
EndProject
Project("{FAE04EC0-301F-11D3-BF4B-00C04F79EFBC}") = "Docking Customized", "..\irrlicht-1.8.5\codegenerator-master\Krypton-master\Source\Krypton Docking Examples\Docking Customized\Docking Customized.csproj", "{4715FA62-377A-4BF8-952B-EA9E96927E8B}"
EndProject
Project("{FAE04EC0-301F-11D3-BF4B-00C04F79EFBC}") = "CommandLine.GetOpt", "RS.UnitilyLib.ParsingCommandLine\CommandLine.GetOpt\CommandLine.GetOpt.csproj", "{91F1FC38-4EE3-4360-B7C7-E8E1EE7345D3}"
EndProject
Project("{FAE04EC0-301F-11D3-BF4B-00C04F79EFBC}") = "CommandLine.GetOpt.Test", "RS.UnitilyLib.ParsingCommandLine\CommandLine.GetOpt\CommandLine.GetOpt.Test\CommandLine.GetOpt.Test.csproj", "{233DE2C1-5AF4-4AAC-926F-E19DB37512DA}"
EndProject
Project("{2150E333-8FDC-42A3-9474-1A3956D46DE8}") = "WPFToolkit", "WPFToolkit", "{351563A5-B07B-4412-84DB-3D3F93C0BC8C}"
EndProject
Project("{FAE04EC0-301F-11D3-BF4B-00C04F79EFBC}") = "Xceed.Wpf.AvalonDock_Net3.5", "RS.UtilityLib.Docking\WPFToolKit\Xceed.Wpf.AvalonDock_Net3.5\Xceed.Wpf.AvalonDock\Xceed.Wpf.AvalonDock_Net3.5.csproj", "{DB81988F-E0F2-45A0-A1FD-8C37F3D35244}"
EndProject
Project("{FAE04EC0-301F-11D3-BF4B-00C04F79EFBC}") = "Xceed.Wpf.AvalonDock_Net3.5.Themes.Aero", "RS.UtilityLib.Docking\WPFToolKit\Xceed.Wpf.AvalonDock_Net3.5\Xceed.Wpf.AvalonDock.Themes.Aero\Xceed.Wpf.AvalonDock_Net3.5.Themes.Aero.csproj", "{BA72CCE0-A9FB-4995-B496-7FEC5C87B85B}"
EndProject
Project("{FAE04EC0-301F-11D3-BF4B-00C04F79EFBC}") = "Xceed.Wpf.AvalonDock_Net3.5.Themes.Metro", "RS.UtilityLib.Docking\WPFToolKit\Xceed.Wpf.AvalonDock_Net3.5\Xceed.Wpf.AvalonDock.Themes.Metro\Xceed.Wpf.AvalonDock_Net3.5.Themes.Metro.csproj", "{89286EB4-B4A1-418C-839A-067B00F442D8}"
EndProject
Project("{FAE04EC0-301F-11D3-BF4B-00C04F79EFBC}") = "Xceed.Wpf.AvalonDock_Net3.5.Themes.VS2010", "RS.UtilityLib.Docking\WPFToolKit\Xceed.Wpf.AvalonDock_Net3.5\Xceed.Wpf.AvalonDock.Themes.VS2010\Xceed.Wpf.AvalonDock_Net3.5.Themes.VS2010.csproj", "{B3FC3E21-5F2D-4581-AEA2-59F671CFFC21}"
EndProject
Project("{2150E333-8FDC-42A3-9474-1A3956D46DE8}") = "Retry", "Retry", "{45E10929-5304-49AD-AD6B-CB9476952C88}"
EndProject
Project("{FAE04EC0-301F-11D3-BF4B-00C04F79EFBC}") = "RS.UtilityLib.Retry", "RS.UtilityLib.Retry\RS.UtilityLib.Retry.csproj", "{86BB2C29-DFA3-48CC-BC06-7A7BD84BC837}"
EndProject
Project("{2150E333-8FDC-42A3-9474-1A3956D46DE8}") = "Networking", "Networking", "{9D4CABD6-71B9-481F-84BB-2C2DA0511C05}"
EndProject
Project("{FAE04EC0-301F-11D3-BF4B-00C04F79EFBC}") = "RS.UtilityLib.Assert", "RS.UtilityLib.Assert\RS.UtilityLib.Assert.csproj", "{7F7250EC-B98A-438F-9409-C00F1A2CB885}"
EndProject
Project("{FAE04EC0-301F-11D3-BF4B-00C04F79EFBC}") = "RS.UtilityLib.Promise", "RS.UtilityLib.Promise\RS.UtilityLib.Promise.csproj", "{EAB6DB90-EBF7-4D44-9B44-FE501B27AFFD}"
EndProject
Global
	GlobalSection(SolutionConfigurationPlatforms) = preSolution
		Debug|Any CPU = Debug|Any CPU
		Debug|x86 = Debug|x86
		Release|Any CPU = Release|Any CPU
		Release|x86 = Release|x86
		ReleaseCS|Any CPU = ReleaseCS|Any CPU
		ReleaseCS|x86 = ReleaseCS|x86
	EndGlobalSection
	GlobalSection(ProjectConfigurationPlatforms) = postSolution
		{43055DEE-DD87-4B1B-848A-4240E98837D8}.Debug|Any CPU.ActiveCfg = Debug|Any CPU
		{43055DEE-DD87-4B1B-848A-4240E98837D8}.Debug|Any CPU.Build.0 = Debug|Any CPU
		{43055DEE-DD87-4B1B-848A-4240E98837D8}.Debug|x86.ActiveCfg = Debug|Any CPU
		{43055DEE-DD87-4B1B-848A-4240E98837D8}.Debug|x86.Build.0 = Debug|Any CPU
		{43055DEE-DD87-4B1B-848A-4240E98837D8}.Release|Any CPU.ActiveCfg = Release|Any CPU
		{43055DEE-DD87-4B1B-848A-4240E98837D8}.Release|Any CPU.Build.0 = Release|Any CPU
		{43055DEE-DD87-4B1B-848A-4240E98837D8}.Release|x86.ActiveCfg = Release|Any CPU
		{43055DEE-DD87-4B1B-848A-4240E98837D8}.Release|x86.Build.0 = Release|Any CPU
		{43055DEE-DD87-4B1B-848A-4240E98837D8}.ReleaseCS|Any CPU.ActiveCfg = Release|Any CPU
		{43055DEE-DD87-4B1B-848A-4240E98837D8}.ReleaseCS|Any CPU.Build.0 = Release|Any CPU
		{43055DEE-DD87-4B1B-848A-4240E98837D8}.ReleaseCS|x86.ActiveCfg = Release|Any CPU
		{43055DEE-DD87-4B1B-848A-4240E98837D8}.ReleaseCS|x86.Build.0 = Release|Any CPU
		{DB546C1E-0805-4B9A-A0D3-A5A9F3775E93}.Debug|Any CPU.ActiveCfg = Debug|Any CPU
		{DB546C1E-0805-4B9A-A0D3-A5A9F3775E93}.Debug|Any CPU.Build.0 = Debug|Any CPU
		{DB546C1E-0805-4B9A-A0D3-A5A9F3775E93}.Debug|x86.ActiveCfg = Debug|Any CPU
		{DB546C1E-0805-4B9A-A0D3-A5A9F3775E93}.Debug|x86.Build.0 = Debug|Any CPU
		{DB546C1E-0805-4B9A-A0D3-A5A9F3775E93}.Release|Any CPU.ActiveCfg = Release|Any CPU
		{DB546C1E-0805-4B9A-A0D3-A5A9F3775E93}.Release|Any CPU.Build.0 = Release|Any CPU
		{DB546C1E-0805-4B9A-A0D3-A5A9F3775E93}.Release|x86.ActiveCfg = Release|Any CPU
		{DB546C1E-0805-4B9A-A0D3-A5A9F3775E93}.Release|x86.Build.0 = Release|Any CPU
		{DB546C1E-0805-4B9A-A0D3-A5A9F3775E93}.ReleaseCS|Any CPU.ActiveCfg = Release|Any CPU
		{DB546C1E-0805-4B9A-A0D3-A5A9F3775E93}.ReleaseCS|Any CPU.Build.0 = Release|Any CPU
		{DB546C1E-0805-4B9A-A0D3-A5A9F3775E93}.ReleaseCS|x86.ActiveCfg = Release|Any CPU
		{DB546C1E-0805-4B9A-A0D3-A5A9F3775E93}.ReleaseCS|x86.Build.0 = Release|Any CPU
		{C7EBB7A0-FDC9-4337-B097-DEB956AE7273}.Debug|Any CPU.ActiveCfg = Debug|Any CPU
		{C7EBB7A0-FDC9-4337-B097-DEB956AE7273}.Debug|Any CPU.Build.0 = Debug|Any CPU
		{C7EBB7A0-FDC9-4337-B097-DEB956AE7273}.Debug|x86.ActiveCfg = Debug|Any CPU
		{C7EBB7A0-FDC9-4337-B097-DEB956AE7273}.Debug|x86.Build.0 = Debug|Any CPU
		{C7EBB7A0-FDC9-4337-B097-DEB956AE7273}.Release|Any CPU.ActiveCfg = Release|Any CPU
		{C7EBB7A0-FDC9-4337-B097-DEB956AE7273}.Release|Any CPU.Build.0 = Release|Any CPU
		{C7EBB7A0-FDC9-4337-B097-DEB956AE7273}.Release|x86.ActiveCfg = Release|Any CPU
		{C7EBB7A0-FDC9-4337-B097-DEB956AE7273}.Release|x86.Build.0 = Release|Any CPU
		{C7EBB7A0-FDC9-4337-B097-DEB956AE7273}.ReleaseCS|Any CPU.ActiveCfg = Release|Any CPU
		{C7EBB7A0-FDC9-4337-B097-DEB956AE7273}.ReleaseCS|Any CPU.Build.0 = Release|Any CPU
		{C7EBB7A0-FDC9-4337-B097-DEB956AE7273}.ReleaseCS|x86.ActiveCfg = Release|Any CPU
		{C7EBB7A0-FDC9-4337-B097-DEB956AE7273}.ReleaseCS|x86.Build.0 = Release|Any CPU
		{594DF023-E07B-422F-95D4-57B852A8E0E9}.Debug|Any CPU.ActiveCfg = Debug|Any CPU
		{594DF023-E07B-422F-95D4-57B852A8E0E9}.Debug|Any CPU.Build.0 = Debug|Any CPU
		{594DF023-E07B-422F-95D4-57B852A8E0E9}.Debug|x86.ActiveCfg = Debug|Any CPU
		{594DF023-E07B-422F-95D4-57B852A8E0E9}.Debug|x86.Build.0 = Debug|Any CPU
		{594DF023-E07B-422F-95D4-57B852A8E0E9}.Release|Any CPU.ActiveCfg = Release|Any CPU
		{594DF023-E07B-422F-95D4-57B852A8E0E9}.Release|Any CPU.Build.0 = Release|Any CPU
		{594DF023-E07B-422F-95D4-57B852A8E0E9}.Release|x86.ActiveCfg = Release|Any CPU
		{594DF023-E07B-422F-95D4-57B852A8E0E9}.Release|x86.Build.0 = Release|Any CPU
		{594DF023-E07B-422F-95D4-57B852A8E0E9}.ReleaseCS|Any CPU.ActiveCfg = Release|Any CPU
		{594DF023-E07B-422F-95D4-57B852A8E0E9}.ReleaseCS|Any CPU.Build.0 = Release|Any CPU
		{594DF023-E07B-422F-95D4-57B852A8E0E9}.ReleaseCS|x86.ActiveCfg = Release|Any CPU
		{594DF023-E07B-422F-95D4-57B852A8E0E9}.ReleaseCS|x86.Build.0 = Release|Any CPU
		{618A3BD6-F74D-4ADC-A21E-AAE6BBEFDA68}.Debug|Any CPU.ActiveCfg = Debug|Any CPU
		{618A3BD6-F74D-4ADC-A21E-AAE6BBEFDA68}.Debug|Any CPU.Build.0 = Debug|Any CPU
		{618A3BD6-F74D-4ADC-A21E-AAE6BBEFDA68}.Debug|x86.ActiveCfg = Debug|Any CPU
		{618A3BD6-F74D-4ADC-A21E-AAE6BBEFDA68}.Debug|x86.Build.0 = Debug|Any CPU
		{618A3BD6-F74D-4ADC-A21E-AAE6BBEFDA68}.Release|Any CPU.ActiveCfg = Release|Any CPU
		{618A3BD6-F74D-4ADC-A21E-AAE6BBEFDA68}.Release|Any CPU.Build.0 = Release|Any CPU
		{618A3BD6-F74D-4ADC-A21E-AAE6BBEFDA68}.Release|x86.ActiveCfg = Release|Any CPU
		{618A3BD6-F74D-4ADC-A21E-AAE6BBEFDA68}.Release|x86.Build.0 = Release|Any CPU
		{618A3BD6-F74D-4ADC-A21E-AAE6BBEFDA68}.ReleaseCS|Any CPU.ActiveCfg = Release|Any CPU
		{618A3BD6-F74D-4ADC-A21E-AAE6BBEFDA68}.ReleaseCS|Any CPU.Build.0 = Release|Any CPU
		{618A3BD6-F74D-4ADC-A21E-AAE6BBEFDA68}.ReleaseCS|x86.ActiveCfg = Release|Any CPU
		{618A3BD6-F74D-4ADC-A21E-AAE6BBEFDA68}.ReleaseCS|x86.Build.0 = Release|Any CPU
		{A949EF6C-F7F8-4982-969E-1EA2E619EFB8}.Debug|Any CPU.ActiveCfg = Debug|Any CPU
		{A949EF6C-F7F8-4982-969E-1EA2E619EFB8}.Debug|Any CPU.Build.0 = Debug|Any CPU
		{A949EF6C-F7F8-4982-969E-1EA2E619EFB8}.Debug|x86.ActiveCfg = Debug|Any CPU
		{A949EF6C-F7F8-4982-969E-1EA2E619EFB8}.Debug|x86.Build.0 = Debug|Any CPU
		{A949EF6C-F7F8-4982-969E-1EA2E619EFB8}.Release|Any CPU.ActiveCfg = Release|Any CPU
		{A949EF6C-F7F8-4982-969E-1EA2E619EFB8}.Release|Any CPU.Build.0 = Release|Any CPU
		{A949EF6C-F7F8-4982-969E-1EA2E619EFB8}.Release|x86.ActiveCfg = Release|Any CPU
		{A949EF6C-F7F8-4982-969E-1EA2E619EFB8}.Release|x86.Build.0 = Release|Any CPU
		{A949EF6C-F7F8-4982-969E-1EA2E619EFB8}.ReleaseCS|Any CPU.ActiveCfg = Release|Any CPU
		{A949EF6C-F7F8-4982-969E-1EA2E619EFB8}.ReleaseCS|Any CPU.Build.0 = Release|Any CPU
		{A949EF6C-F7F8-4982-969E-1EA2E619EFB8}.ReleaseCS|x86.ActiveCfg = Release|Any CPU
		{A949EF6C-F7F8-4982-969E-1EA2E619EFB8}.ReleaseCS|x86.Build.0 = Release|Any CPU
		{2079CC05-B5D4-4CE6-8EDA-2480D7FA789E}.Debug|Any CPU.ActiveCfg = Debug|Any CPU
		{2079CC05-B5D4-4CE6-8EDA-2480D7FA789E}.Debug|Any CPU.Build.0 = Debug|Any CPU
		{2079CC05-B5D4-4CE6-8EDA-2480D7FA789E}.Debug|x86.ActiveCfg = Debug|Any CPU
		{2079CC05-B5D4-4CE6-8EDA-2480D7FA789E}.Debug|x86.Build.0 = Debug|Any CPU
		{2079CC05-B5D4-4CE6-8EDA-2480D7FA789E}.Release|Any CPU.ActiveCfg = Release|Any CPU
		{2079CC05-B5D4-4CE6-8EDA-2480D7FA789E}.Release|Any CPU.Build.0 = Release|Any CPU
		{2079CC05-B5D4-4CE6-8EDA-2480D7FA789E}.Release|x86.ActiveCfg = Release|Any CPU
		{2079CC05-B5D4-4CE6-8EDA-2480D7FA789E}.Release|x86.Build.0 = Release|Any CPU
		{2079CC05-B5D4-4CE6-8EDA-2480D7FA789E}.ReleaseCS|Any CPU.ActiveCfg = Release|Any CPU
		{2079CC05-B5D4-4CE6-8EDA-2480D7FA789E}.ReleaseCS|Any CPU.Build.0 = Release|Any CPU
		{2079CC05-B5D4-4CE6-8EDA-2480D7FA789E}.ReleaseCS|x86.ActiveCfg = Release|Any CPU
		{2079CC05-B5D4-4CE6-8EDA-2480D7FA789E}.ReleaseCS|x86.Build.0 = Release|Any CPU
		{09AFC98A-75A2-49EA-94C2-D208C71E4502}.Debug|Any CPU.ActiveCfg = Debug|Any CPU
		{09AFC98A-75A2-49EA-94C2-D208C71E4502}.Debug|Any CPU.Build.0 = Debug|Any CPU
		{09AFC98A-75A2-49EA-94C2-D208C71E4502}.Debug|x86.ActiveCfg = Debug|Any CPU
		{09AFC98A-75A2-49EA-94C2-D208C71E4502}.Debug|x86.Build.0 = Debug|Any CPU
		{09AFC98A-75A2-49EA-94C2-D208C71E4502}.Release|Any CPU.ActiveCfg = Release|Any CPU
		{09AFC98A-75A2-49EA-94C2-D208C71E4502}.Release|Any CPU.Build.0 = Release|Any CPU
		{09AFC98A-75A2-49EA-94C2-D208C71E4502}.Release|x86.ActiveCfg = Release|Any CPU
		{09AFC98A-75A2-49EA-94C2-D208C71E4502}.Release|x86.Build.0 = Release|Any CPU
		{09AFC98A-75A2-49EA-94C2-D208C71E4502}.ReleaseCS|Any CPU.ActiveCfg = Release|Any CPU
		{09AFC98A-75A2-49EA-94C2-D208C71E4502}.ReleaseCS|Any CPU.Build.0 = Release|Any CPU
		{09AFC98A-75A2-49EA-94C2-D208C71E4502}.ReleaseCS|x86.ActiveCfg = Release|Any CPU
		{09AFC98A-75A2-49EA-94C2-D208C71E4502}.ReleaseCS|x86.Build.0 = Release|Any CPU
		{1A79F15F-C892-46C7-BC26-79D2B6A0233B}.Debug|Any CPU.ActiveCfg = Debug|Any CPU
		{1A79F15F-C892-46C7-BC26-79D2B6A0233B}.Debug|Any CPU.Build.0 = Debug|Any CPU
		{1A79F15F-C892-46C7-BC26-79D2B6A0233B}.Debug|x86.ActiveCfg = Debug|Any CPU
		{1A79F15F-C892-46C7-BC26-79D2B6A0233B}.Debug|x86.Build.0 = Debug|Any CPU
		{1A79F15F-C892-46C7-BC26-79D2B6A0233B}.Release|Any CPU.ActiveCfg = Release|Any CPU
		{1A79F15F-C892-46C7-BC26-79D2B6A0233B}.Release|Any CPU.Build.0 = Release|Any CPU
		{1A79F15F-C892-46C7-BC26-79D2B6A0233B}.Release|x86.ActiveCfg = Release|Any CPU
		{1A79F15F-C892-46C7-BC26-79D2B6A0233B}.Release|x86.Build.0 = Release|Any CPU
		{1A79F15F-C892-46C7-BC26-79D2B6A0233B}.ReleaseCS|Any CPU.ActiveCfg = Release|Any CPU
		{1A79F15F-C892-46C7-BC26-79D2B6A0233B}.ReleaseCS|Any CPU.Build.0 = Release|Any CPU
		{1A79F15F-C892-46C7-BC26-79D2B6A0233B}.ReleaseCS|x86.ActiveCfg = Release|Any CPU
		{1A79F15F-C892-46C7-BC26-79D2B6A0233B}.ReleaseCS|x86.Build.0 = Release|Any CPU
		{9960C2C7-E71D-40F4-8169-DF39A29EB788}.Debug|Any CPU.ActiveCfg = Debug|Any CPU
		{9960C2C7-E71D-40F4-8169-DF39A29EB788}.Debug|Any CPU.Build.0 = Debug|Any CPU
		{9960C2C7-E71D-40F4-8169-DF39A29EB788}.Debug|x86.ActiveCfg = Debug|Any CPU
		{9960C2C7-E71D-40F4-8169-DF39A29EB788}.Debug|x86.Build.0 = Debug|Any CPU
		{9960C2C7-E71D-40F4-8169-DF39A29EB788}.Release|Any CPU.ActiveCfg = Release|Any CPU
		{9960C2C7-E71D-40F4-8169-DF39A29EB788}.Release|Any CPU.Build.0 = Release|Any CPU
		{9960C2C7-E71D-40F4-8169-DF39A29EB788}.Release|x86.ActiveCfg = Release|Any CPU
		{9960C2C7-E71D-40F4-8169-DF39A29EB788}.Release|x86.Build.0 = Release|Any CPU
		{9960C2C7-E71D-40F4-8169-DF39A29EB788}.ReleaseCS|Any CPU.ActiveCfg = Release|Any CPU
		{9960C2C7-E71D-40F4-8169-DF39A29EB788}.ReleaseCS|Any CPU.Build.0 = Release|Any CPU
		{9960C2C7-E71D-40F4-8169-DF39A29EB788}.ReleaseCS|x86.ActiveCfg = Release|Any CPU
		{9960C2C7-E71D-40F4-8169-DF39A29EB788}.ReleaseCS|x86.Build.0 = Release|Any CPU
		{0799CF17-DAB4-4767-8DC9-FD44B0FA9E14}.Debug|Any CPU.ActiveCfg = Debug|Any CPU
		{0799CF17-DAB4-4767-8DC9-FD44B0FA9E14}.Debug|Any CPU.Build.0 = Debug|Any CPU
		{0799CF17-DAB4-4767-8DC9-FD44B0FA9E14}.Debug|x86.ActiveCfg = Debug|Any CPU
		{0799CF17-DAB4-4767-8DC9-FD44B0FA9E14}.Debug|x86.Build.0 = Debug|Any CPU
		{0799CF17-DAB4-4767-8DC9-FD44B0FA9E14}.Release|Any CPU.ActiveCfg = Release|Any CPU
		{0799CF17-DAB4-4767-8DC9-FD44B0FA9E14}.Release|Any CPU.Build.0 = Release|Any CPU
		{0799CF17-DAB4-4767-8DC9-FD44B0FA9E14}.Release|x86.ActiveCfg = Release|Any CPU
		{0799CF17-DAB4-4767-8DC9-FD44B0FA9E14}.Release|x86.Build.0 = Release|Any CPU
		{0799CF17-DAB4-4767-8DC9-FD44B0FA9E14}.ReleaseCS|Any CPU.ActiveCfg = Release|Any CPU
		{0799CF17-DAB4-4767-8DC9-FD44B0FA9E14}.ReleaseCS|Any CPU.Build.0 = Release|Any CPU
		{0799CF17-DAB4-4767-8DC9-FD44B0FA9E14}.ReleaseCS|x86.ActiveCfg = Release|Any CPU
		{0799CF17-DAB4-4767-8DC9-FD44B0FA9E14}.ReleaseCS|x86.Build.0 = Release|Any CPU
		{4D836DC2-6487-4FDB-8496-A2FE6164CEA8}.Debug|Any CPU.ActiveCfg = Debug|Any CPU
		{4D836DC2-6487-4FDB-8496-A2FE6164CEA8}.Debug|Any CPU.Build.0 = Debug|Any CPU
		{4D836DC2-6487-4FDB-8496-A2FE6164CEA8}.Debug|x86.ActiveCfg = Debug|Any CPU
		{4D836DC2-6487-4FDB-8496-A2FE6164CEA8}.Debug|x86.Build.0 = Debug|Any CPU
		{4D836DC2-6487-4FDB-8496-A2FE6164CEA8}.Release|Any CPU.ActiveCfg = Release|Any CPU
		{4D836DC2-6487-4FDB-8496-A2FE6164CEA8}.Release|Any CPU.Build.0 = Release|Any CPU
		{4D836DC2-6487-4FDB-8496-A2FE6164CEA8}.Release|x86.ActiveCfg = Release|Any CPU
		{4D836DC2-6487-4FDB-8496-A2FE6164CEA8}.Release|x86.Build.0 = Release|Any CPU
		{4D836DC2-6487-4FDB-8496-A2FE6164CEA8}.ReleaseCS|Any CPU.ActiveCfg = Release|Any CPU
		{4D836DC2-6487-4FDB-8496-A2FE6164CEA8}.ReleaseCS|Any CPU.Build.0 = Release|Any CPU
		{4D836DC2-6487-4FDB-8496-A2FE6164CEA8}.ReleaseCS|x86.ActiveCfg = Release|Any CPU
		{4D836DC2-6487-4FDB-8496-A2FE6164CEA8}.ReleaseCS|x86.Build.0 = Release|Any CPU
		{C19FBB99-970C-42ED-8E3F-32EFEC2DF85C}.Debug|Any CPU.ActiveCfg = Debug|Any CPU
		{C19FBB99-970C-42ED-8E3F-32EFEC2DF85C}.Debug|Any CPU.Build.0 = Debug|Any CPU
		{C19FBB99-970C-42ED-8E3F-32EFEC2DF85C}.Debug|x86.ActiveCfg = Debug|Any CPU
		{C19FBB99-970C-42ED-8E3F-32EFEC2DF85C}.Debug|x86.Build.0 = Debug|Any CPU
		{C19FBB99-970C-42ED-8E3F-32EFEC2DF85C}.Release|Any CPU.ActiveCfg = Release|Any CPU
		{C19FBB99-970C-42ED-8E3F-32EFEC2DF85C}.Release|Any CPU.Build.0 = Release|Any CPU
		{C19FBB99-970C-42ED-8E3F-32EFEC2DF85C}.Release|x86.ActiveCfg = Release|Any CPU
		{C19FBB99-970C-42ED-8E3F-32EFEC2DF85C}.Release|x86.Build.0 = Release|Any CPU
		{C19FBB99-970C-42ED-8E3F-32EFEC2DF85C}.ReleaseCS|Any CPU.ActiveCfg = Release|Any CPU
		{C19FBB99-970C-42ED-8E3F-32EFEC2DF85C}.ReleaseCS|Any CPU.Build.0 = Release|Any CPU
		{C19FBB99-970C-42ED-8E3F-32EFEC2DF85C}.ReleaseCS|x86.ActiveCfg = Release|Any CPU
		{C19FBB99-970C-42ED-8E3F-32EFEC2DF85C}.ReleaseCS|x86.Build.0 = Release|Any CPU
		{E17DF1C3-8A34-423F-971F-51EFA5AD4AE8}.Debug|Any CPU.ActiveCfg = Debug|Any CPU
		{E17DF1C3-8A34-423F-971F-51EFA5AD4AE8}.Debug|Any CPU.Build.0 = Debug|Any CPU
		{E17DF1C3-8A34-423F-971F-51EFA5AD4AE8}.Debug|x86.ActiveCfg = Debug|Any CPU
		{E17DF1C3-8A34-423F-971F-51EFA5AD4AE8}.Debug|x86.Build.0 = Debug|Any CPU
		{E17DF1C3-8A34-423F-971F-51EFA5AD4AE8}.Release|Any CPU.ActiveCfg = Release|Any CPU
		{E17DF1C3-8A34-423F-971F-51EFA5AD4AE8}.Release|Any CPU.Build.0 = Release|Any CPU
		{E17DF1C3-8A34-423F-971F-51EFA5AD4AE8}.Release|x86.ActiveCfg = Release|Any CPU
		{E17DF1C3-8A34-423F-971F-51EFA5AD4AE8}.Release|x86.Build.0 = Release|Any CPU
		{E17DF1C3-8A34-423F-971F-51EFA5AD4AE8}.ReleaseCS|Any CPU.ActiveCfg = Release|Any CPU
		{E17DF1C3-8A34-423F-971F-51EFA5AD4AE8}.ReleaseCS|Any CPU.Build.0 = Release|Any CPU
		{E17DF1C3-8A34-423F-971F-51EFA5AD4AE8}.ReleaseCS|x86.ActiveCfg = Release|Any CPU
		{E17DF1C3-8A34-423F-971F-51EFA5AD4AE8}.ReleaseCS|x86.Build.0 = Release|Any CPU
		{EB2C368F-AF61-4996-A159-C08EF23AD03C}.Debug|Any CPU.ActiveCfg = Debug|Any CPU
		{EB2C368F-AF61-4996-A159-C08EF23AD03C}.Debug|Any CPU.Build.0 = Debug|Any CPU
		{EB2C368F-AF61-4996-A159-C08EF23AD03C}.Debug|x86.ActiveCfg = Debug|Any CPU
		{EB2C368F-AF61-4996-A159-C08EF23AD03C}.Debug|x86.Build.0 = Debug|Any CPU
		{EB2C368F-AF61-4996-A159-C08EF23AD03C}.Release|Any CPU.ActiveCfg = Release|Any CPU
		{EB2C368F-AF61-4996-A159-C08EF23AD03C}.Release|Any CPU.Build.0 = Release|Any CPU
		{EB2C368F-AF61-4996-A159-C08EF23AD03C}.Release|x86.ActiveCfg = Release|Any CPU
		{EB2C368F-AF61-4996-A159-C08EF23AD03C}.Release|x86.Build.0 = Release|Any CPU
		{EB2C368F-AF61-4996-A159-C08EF23AD03C}.ReleaseCS|Any CPU.ActiveCfg = Release|Any CPU
		{EB2C368F-AF61-4996-A159-C08EF23AD03C}.ReleaseCS|Any CPU.Build.0 = Release|Any CPU
		{EB2C368F-AF61-4996-A159-C08EF23AD03C}.ReleaseCS|x86.ActiveCfg = Release|Any CPU
		{EB2C368F-AF61-4996-A159-C08EF23AD03C}.ReleaseCS|x86.Build.0 = Release|Any CPU
		{5A6F9A5B-9691-4711-A76D-E7AE6E8EF304}.Debug|Any CPU.ActiveCfg = Debug|Any CPU
		{5A6F9A5B-9691-4711-A76D-E7AE6E8EF304}.Debug|Any CPU.Build.0 = Debug|Any CPU
		{5A6F9A5B-9691-4711-A76D-E7AE6E8EF304}.Debug|x86.ActiveCfg = Debug|Any CPU
		{5A6F9A5B-9691-4711-A76D-E7AE6E8EF304}.Debug|x86.Build.0 = Debug|Any CPU
		{5A6F9A5B-9691-4711-A76D-E7AE6E8EF304}.Release|Any CPU.ActiveCfg = Release|Any CPU
		{5A6F9A5B-9691-4711-A76D-E7AE6E8EF304}.Release|Any CPU.Build.0 = Release|Any CPU
		{5A6F9A5B-9691-4711-A76D-E7AE6E8EF304}.Release|x86.ActiveCfg = Release|Any CPU
		{5A6F9A5B-9691-4711-A76D-E7AE6E8EF304}.Release|x86.Build.0 = Release|Any CPU
		{5A6F9A5B-9691-4711-A76D-E7AE6E8EF304}.ReleaseCS|Any CPU.ActiveCfg = Release|Any CPU
		{5A6F9A5B-9691-4711-A76D-E7AE6E8EF304}.ReleaseCS|Any CPU.Build.0 = Release|Any CPU
		{5A6F9A5B-9691-4711-A76D-E7AE6E8EF304}.ReleaseCS|x86.ActiveCfg = Release|Any CPU
		{5A6F9A5B-9691-4711-A76D-E7AE6E8EF304}.ReleaseCS|x86.Build.0 = Release|Any CPU
		{4F507AC0-0803-41D4-BF85-F59B9D5DCFCD}.Debug|Any CPU.ActiveCfg = Debug|Any CPU
		{4F507AC0-0803-41D4-BF85-F59B9D5DCFCD}.Debug|Any CPU.Build.0 = Debug|Any CPU
		{4F507AC0-0803-41D4-BF85-F59B9D5DCFCD}.Debug|x86.ActiveCfg = Debug|Any CPU
		{4F507AC0-0803-41D4-BF85-F59B9D5DCFCD}.Debug|x86.Build.0 = Debug|Any CPU
		{4F507AC0-0803-41D4-BF85-F59B9D5DCFCD}.Release|Any CPU.ActiveCfg = Release|Any CPU
		{4F507AC0-0803-41D4-BF85-F59B9D5DCFCD}.Release|Any CPU.Build.0 = Release|Any CPU
		{4F507AC0-0803-41D4-BF85-F59B9D5DCFCD}.Release|x86.ActiveCfg = Release|Any CPU
		{4F507AC0-0803-41D4-BF85-F59B9D5DCFCD}.Release|x86.Build.0 = Release|Any CPU
		{4F507AC0-0803-41D4-BF85-F59B9D5DCFCD}.ReleaseCS|Any CPU.ActiveCfg = Release|Any CPU
		{4F507AC0-0803-41D4-BF85-F59B9D5DCFCD}.ReleaseCS|Any CPU.Build.0 = Release|Any CPU
		{4F507AC0-0803-41D4-BF85-F59B9D5DCFCD}.ReleaseCS|x86.ActiveCfg = Release|Any CPU
		{4F507AC0-0803-41D4-BF85-F59B9D5DCFCD}.ReleaseCS|x86.Build.0 = Release|Any CPU
		{40793A27-478B-4357-B4C3-FC8943131F3D}.Debug|Any CPU.ActiveCfg = Debug|Any CPU
		{40793A27-478B-4357-B4C3-FC8943131F3D}.Debug|Any CPU.Build.0 = Debug|Any CPU
		{40793A27-478B-4357-B4C3-FC8943131F3D}.Debug|x86.ActiveCfg = Debug|Any CPU
		{40793A27-478B-4357-B4C3-FC8943131F3D}.Debug|x86.Build.0 = Debug|Any CPU
		{40793A27-478B-4357-B4C3-FC8943131F3D}.Release|Any CPU.ActiveCfg = Release|Any CPU
		{40793A27-478B-4357-B4C3-FC8943131F3D}.Release|Any CPU.Build.0 = Release|Any CPU
		{40793A27-478B-4357-B4C3-FC8943131F3D}.Release|x86.ActiveCfg = Release|Any CPU
		{40793A27-478B-4357-B4C3-FC8943131F3D}.Release|x86.Build.0 = Release|Any CPU
		{40793A27-478B-4357-B4C3-FC8943131F3D}.ReleaseCS|Any CPU.ActiveCfg = Release|Any CPU
		{40793A27-478B-4357-B4C3-FC8943131F3D}.ReleaseCS|Any CPU.Build.0 = Release|Any CPU
		{40793A27-478B-4357-B4C3-FC8943131F3D}.ReleaseCS|x86.ActiveCfg = Release|Any CPU
		{40793A27-478B-4357-B4C3-FC8943131F3D}.ReleaseCS|x86.Build.0 = Release|Any CPU
		{4715FA62-377A-4BF8-952B-EA9E96927E8B}.Debug|Any CPU.ActiveCfg = Debug|Any CPU
		{4715FA62-377A-4BF8-952B-EA9E96927E8B}.Debug|Any CPU.Build.0 = Debug|Any CPU
		{4715FA62-377A-4BF8-952B-EA9E96927E8B}.Debug|x86.ActiveCfg = Debug|Any CPU
		{4715FA62-377A-4BF8-952B-EA9E96927E8B}.Debug|x86.Build.0 = Debug|Any CPU
		{4715FA62-377A-4BF8-952B-EA9E96927E8B}.Release|Any CPU.ActiveCfg = Release|Any CPU
		{4715FA62-377A-4BF8-952B-EA9E96927E8B}.Release|Any CPU.Build.0 = Release|Any CPU
		{4715FA62-377A-4BF8-952B-EA9E96927E8B}.Release|x86.ActiveCfg = Release|Any CPU
		{4715FA62-377A-4BF8-952B-EA9E96927E8B}.Release|x86.Build.0 = Release|Any CPU
		{4715FA62-377A-4BF8-952B-EA9E96927E8B}.ReleaseCS|Any CPU.ActiveCfg = Release|Any CPU
		{4715FA62-377A-4BF8-952B-EA9E96927E8B}.ReleaseCS|Any CPU.Build.0 = Release|Any CPU
		{4715FA62-377A-4BF8-952B-EA9E96927E8B}.ReleaseCS|x86.ActiveCfg = Release|Any CPU
		{4715FA62-377A-4BF8-952B-EA9E96927E8B}.ReleaseCS|x86.Build.0 = Release|Any CPU
		{91F1FC38-4EE3-4360-B7C7-E8E1EE7345D3}.Debug|Any CPU.ActiveCfg = Debug|Any CPU
		{91F1FC38-4EE3-4360-B7C7-E8E1EE7345D3}.Debug|Any CPU.Build.0 = Debug|Any CPU
		{91F1FC38-4EE3-4360-B7C7-E8E1EE7345D3}.Debug|x86.ActiveCfg = Debug|Any CPU
		{91F1FC38-4EE3-4360-B7C7-E8E1EE7345D3}.Debug|x86.Build.0 = Debug|Any CPU
		{91F1FC38-4EE3-4360-B7C7-E8E1EE7345D3}.Release|Any CPU.ActiveCfg = Release|Any CPU
		{91F1FC38-4EE3-4360-B7C7-E8E1EE7345D3}.Release|Any CPU.Build.0 = Release|Any CPU
		{91F1FC38-4EE3-4360-B7C7-E8E1EE7345D3}.Release|x86.ActiveCfg = Release|Any CPU
		{91F1FC38-4EE3-4360-B7C7-E8E1EE7345D3}.Release|x86.Build.0 = Release|Any CPU
		{91F1FC38-4EE3-4360-B7C7-E8E1EE7345D3}.ReleaseCS|Any CPU.ActiveCfg = Release|Any CPU
		{91F1FC38-4EE3-4360-B7C7-E8E1EE7345D3}.ReleaseCS|Any CPU.Build.0 = Release|Any CPU
		{91F1FC38-4EE3-4360-B7C7-E8E1EE7345D3}.ReleaseCS|x86.ActiveCfg = Release|Any CPU
		{91F1FC38-4EE3-4360-B7C7-E8E1EE7345D3}.ReleaseCS|x86.Build.0 = Release|Any CPU
		{233DE2C1-5AF4-4AAC-926F-E19DB37512DA}.Debug|Any CPU.ActiveCfg = Debug|Any CPU
		{233DE2C1-5AF4-4AAC-926F-E19DB37512DA}.Debug|Any CPU.Build.0 = Debug|Any CPU
		{233DE2C1-5AF4-4AAC-926F-E19DB37512DA}.Debug|x86.ActiveCfg = Debug|Any CPU
		{233DE2C1-5AF4-4AAC-926F-E19DB37512DA}.Debug|x86.Build.0 = Debug|Any CPU
		{233DE2C1-5AF4-4AAC-926F-E19DB37512DA}.Release|Any CPU.ActiveCfg = Release|Any CPU
		{233DE2C1-5AF4-4AAC-926F-E19DB37512DA}.Release|Any CPU.Build.0 = Release|Any CPU
		{233DE2C1-5AF4-4AAC-926F-E19DB37512DA}.Release|x86.ActiveCfg = Release|Any CPU
		{233DE2C1-5AF4-4AAC-926F-E19DB37512DA}.Release|x86.Build.0 = Release|Any CPU
		{233DE2C1-5AF4-4AAC-926F-E19DB37512DA}.ReleaseCS|Any CPU.ActiveCfg = Release|Any CPU
		{233DE2C1-5AF4-4AAC-926F-E19DB37512DA}.ReleaseCS|Any CPU.Build.0 = Release|Any CPU
		{233DE2C1-5AF4-4AAC-926F-E19DB37512DA}.ReleaseCS|x86.ActiveCfg = Release|Any CPU
		{233DE2C1-5AF4-4AAC-926F-E19DB37512DA}.ReleaseCS|x86.Build.0 = Release|Any CPU
		{DB81988F-E0F2-45A0-A1FD-8C37F3D35244}.Debug|Any CPU.ActiveCfg = Debug|Any CPU
		{DB81988F-E0F2-45A0-A1FD-8C37F3D35244}.Debug|Any CPU.Build.0 = Debug|Any CPU
		{DB81988F-E0F2-45A0-A1FD-8C37F3D35244}.Debug|x86.ActiveCfg = Debug|Any CPU
		{DB81988F-E0F2-45A0-A1FD-8C37F3D35244}.Debug|x86.Build.0 = Debug|Any CPU
		{DB81988F-E0F2-45A0-A1FD-8C37F3D35244}.Release|Any CPU.ActiveCfg = Release|Any CPU
		{DB81988F-E0F2-45A0-A1FD-8C37F3D35244}.Release|Any CPU.Build.0 = Release|Any CPU
		{DB81988F-E0F2-45A0-A1FD-8C37F3D35244}.Release|x86.ActiveCfg = Release|Any CPU
		{DB81988F-E0F2-45A0-A1FD-8C37F3D35244}.Release|x86.Build.0 = Release|Any CPU
		{DB81988F-E0F2-45A0-A1FD-8C37F3D35244}.ReleaseCS|Any CPU.ActiveCfg = Release|Any CPU
		{DB81988F-E0F2-45A0-A1FD-8C37F3D35244}.ReleaseCS|Any CPU.Build.0 = Release|Any CPU
		{DB81988F-E0F2-45A0-A1FD-8C37F3D35244}.ReleaseCS|x86.ActiveCfg = Release|Any CPU
		{DB81988F-E0F2-45A0-A1FD-8C37F3D35244}.ReleaseCS|x86.Build.0 = Release|Any CPU
		{BA72CCE0-A9FB-4995-B496-7FEC5C87B85B}.Debug|Any CPU.ActiveCfg = Debug|Any CPU
		{BA72CCE0-A9FB-4995-B496-7FEC5C87B85B}.Debug|Any CPU.Build.0 = Debug|Any CPU
		{BA72CCE0-A9FB-4995-B496-7FEC5C87B85B}.Debug|x86.ActiveCfg = Debug|Any CPU
		{BA72CCE0-A9FB-4995-B496-7FEC5C87B85B}.Debug|x86.Build.0 = Debug|Any CPU
		{BA72CCE0-A9FB-4995-B496-7FEC5C87B85B}.Release|Any CPU.ActiveCfg = Release|Any CPU
		{BA72CCE0-A9FB-4995-B496-7FEC5C87B85B}.Release|Any CPU.Build.0 = Release|Any CPU
		{BA72CCE0-A9FB-4995-B496-7FEC5C87B85B}.Release|x86.ActiveCfg = Release|Any CPU
		{BA72CCE0-A9FB-4995-B496-7FEC5C87B85B}.Release|x86.Build.0 = Release|Any CPU
		{BA72CCE0-A9FB-4995-B496-7FEC5C87B85B}.ReleaseCS|Any CPU.ActiveCfg = Release|Any CPU
		{BA72CCE0-A9FB-4995-B496-7FEC5C87B85B}.ReleaseCS|Any CPU.Build.0 = Release|Any CPU
		{BA72CCE0-A9FB-4995-B496-7FEC5C87B85B}.ReleaseCS|x86.ActiveCfg = Release|Any CPU
		{BA72CCE0-A9FB-4995-B496-7FEC5C87B85B}.ReleaseCS|x86.Build.0 = Release|Any CPU
		{89286EB4-B4A1-418C-839A-067B00F442D8}.Debug|Any CPU.ActiveCfg = Debug|Any CPU
		{89286EB4-B4A1-418C-839A-067B00F442D8}.Debug|Any CPU.Build.0 = Debug|Any CPU
		{89286EB4-B4A1-418C-839A-067B00F442D8}.Debug|x86.ActiveCfg = Debug|Any CPU
		{89286EB4-B4A1-418C-839A-067B00F442D8}.Debug|x86.Build.0 = Debug|Any CPU
		{89286EB4-B4A1-418C-839A-067B00F442D8}.Release|Any CPU.ActiveCfg = Release|Any CPU
		{89286EB4-B4A1-418C-839A-067B00F442D8}.Release|Any CPU.Build.0 = Release|Any CPU
		{89286EB4-B4A1-418C-839A-067B00F442D8}.Release|x86.ActiveCfg = Release|Any CPU
		{89286EB4-B4A1-418C-839A-067B00F442D8}.Release|x86.Build.0 = Release|Any CPU
		{89286EB4-B4A1-418C-839A-067B00F442D8}.ReleaseCS|Any CPU.ActiveCfg = Release|Any CPU
		{89286EB4-B4A1-418C-839A-067B00F442D8}.ReleaseCS|Any CPU.Build.0 = Release|Any CPU
		{89286EB4-B4A1-418C-839A-067B00F442D8}.ReleaseCS|x86.ActiveCfg = Release|Any CPU
		{89286EB4-B4A1-418C-839A-067B00F442D8}.ReleaseCS|x86.Build.0 = Release|Any CPU
		{B3FC3E21-5F2D-4581-AEA2-59F671CFFC21}.Debug|Any CPU.ActiveCfg = Debug|Any CPU
		{B3FC3E21-5F2D-4581-AEA2-59F671CFFC21}.Debug|Any CPU.Build.0 = Debug|Any CPU
		{B3FC3E21-5F2D-4581-AEA2-59F671CFFC21}.Debug|x86.ActiveCfg = Debug|Any CPU
		{B3FC3E21-5F2D-4581-AEA2-59F671CFFC21}.Debug|x86.Build.0 = Debug|Any CPU
		{B3FC3E21-5F2D-4581-AEA2-59F671CFFC21}.Release|Any CPU.ActiveCfg = Release|Any CPU
		{B3FC3E21-5F2D-4581-AEA2-59F671CFFC21}.Release|Any CPU.Build.0 = Release|Any CPU
		{B3FC3E21-5F2D-4581-AEA2-59F671CFFC21}.Release|x86.ActiveCfg = Release|Any CPU
		{B3FC3E21-5F2D-4581-AEA2-59F671CFFC21}.Release|x86.Build.0 = Release|Any CPU
		{B3FC3E21-5F2D-4581-AEA2-59F671CFFC21}.ReleaseCS|Any CPU.ActiveCfg = Release|Any CPU
		{B3FC3E21-5F2D-4581-AEA2-59F671CFFC21}.ReleaseCS|Any CPU.Build.0 = Release|Any CPU
		{B3FC3E21-5F2D-4581-AEA2-59F671CFFC21}.ReleaseCS|x86.ActiveCfg = Release|Any CPU
		{B3FC3E21-5F2D-4581-AEA2-59F671CFFC21}.ReleaseCS|x86.Build.0 = Release|Any CPU
		{86BB2C29-DFA3-48CC-BC06-7A7BD84BC837}.Debug|Any CPU.ActiveCfg = Debug|Any CPU
		{86BB2C29-DFA3-48CC-BC06-7A7BD84BC837}.Debug|Any CPU.Build.0 = Debug|Any CPU
		{86BB2C29-DFA3-48CC-BC06-7A7BD84BC837}.Debug|x86.ActiveCfg = Debug|Any CPU
		{86BB2C29-DFA3-48CC-BC06-7A7BD84BC837}.Debug|x86.Build.0 = Debug|Any CPU
		{86BB2C29-DFA3-48CC-BC06-7A7BD84BC837}.Release|Any CPU.ActiveCfg = Release|Any CPU
		{86BB2C29-DFA3-48CC-BC06-7A7BD84BC837}.Release|Any CPU.Build.0 = Release|Any CPU
		{86BB2C29-DFA3-48CC-BC06-7A7BD84BC837}.Release|x86.ActiveCfg = Release|Any CPU
		{86BB2C29-DFA3-48CC-BC06-7A7BD84BC837}.Release|x86.Build.0 = Release|Any CPU
		{86BB2C29-DFA3-48CC-BC06-7A7BD84BC837}.ReleaseCS|Any CPU.ActiveCfg = Release|Any CPU
		{86BB2C29-DFA3-48CC-BC06-7A7BD84BC837}.ReleaseCS|Any CPU.Build.0 = Release|Any CPU
		{86BB2C29-DFA3-48CC-BC06-7A7BD84BC837}.ReleaseCS|x86.ActiveCfg = Release|Any CPU
		{86BB2C29-DFA3-48CC-BC06-7A7BD84BC837}.ReleaseCS|x86.Build.0 = Release|Any CPU
		{7F7250EC-B98A-438F-9409-C00F1A2CB885}.Debug|Any CPU.ActiveCfg = Debug|Any CPU
		{7F7250EC-B98A-438F-9409-C00F1A2CB885}.Debug|Any CPU.Build.0 = Debug|Any CPU
		{7F7250EC-B98A-438F-9409-C00F1A2CB885}.Debug|x86.ActiveCfg = Debug|Any CPU
		{7F7250EC-B98A-438F-9409-C00F1A2CB885}.Debug|x86.Build.0 = Debug|Any CPU
		{7F7250EC-B98A-438F-9409-C00F1A2CB885}.Release|Any CPU.ActiveCfg = Release|Any CPU
		{7F7250EC-B98A-438F-9409-C00F1A2CB885}.Release|Any CPU.Build.0 = Release|Any CPU
		{7F7250EC-B98A-438F-9409-C00F1A2CB885}.Release|x86.ActiveCfg = Release|Any CPU
		{7F7250EC-B98A-438F-9409-C00F1A2CB885}.Release|x86.Build.0 = Release|Any CPU
		{7F7250EC-B98A-438F-9409-C00F1A2CB885}.ReleaseCS|Any CPU.ActiveCfg = Release|Any CPU
		{7F7250EC-B98A-438F-9409-C00F1A2CB885}.ReleaseCS|Any CPU.Build.0 = Release|Any CPU
		{7F7250EC-B98A-438F-9409-C00F1A2CB885}.ReleaseCS|x86.ActiveCfg = Release|Any CPU
		{7F7250EC-B98A-438F-9409-C00F1A2CB885}.ReleaseCS|x86.Build.0 = Release|Any CPU
		{EAB6DB90-EBF7-4D44-9B44-FE501B27AFFD}.Debug|Any CPU.ActiveCfg = Debug|Any CPU
		{EAB6DB90-EBF7-4D44-9B44-FE501B27AFFD}.Debug|Any CPU.Build.0 = Debug|Any CPU
		{EAB6DB90-EBF7-4D44-9B44-FE501B27AFFD}.Debug|x86.ActiveCfg = Debug|Any CPU
		{EAB6DB90-EBF7-4D44-9B44-FE501B27AFFD}.Debug|x86.Build.0 = Debug|Any CPU
		{EAB6DB90-EBF7-4D44-9B44-FE501B27AFFD}.Release|Any CPU.ActiveCfg = Release|Any CPU
		{EAB6DB90-EBF7-4D44-9B44-FE501B27AFFD}.Release|Any CPU.Build.0 = Release|Any CPU
		{EAB6DB90-EBF7-4D44-9B44-FE501B27AFFD}.Release|x86.ActiveCfg = Release|Any CPU
		{EAB6DB90-EBF7-4D44-9B44-FE501B27AFFD}.Release|x86.Build.0 = Release|Any CPU
		{EAB6DB90-EBF7-4D44-9B44-FE501B27AFFD}.ReleaseCS|Any CPU.ActiveCfg = Release|Any CPU
		{EAB6DB90-EBF7-4D44-9B44-FE501B27AFFD}.ReleaseCS|Any CPU.Build.0 = Release|Any CPU
		{EAB6DB90-EBF7-4D44-9B44-FE501B27AFFD}.ReleaseCS|x86.ActiveCfg = Release|Any CPU
		{EAB6DB90-EBF7-4D44-9B44-FE501B27AFFD}.ReleaseCS|x86.Build.0 = Release|Any CPU
	EndGlobalSection
	GlobalSection(SolutionProperties) = preSolution
		HideSolutionNode = FALSE
	EndGlobalSection
	GlobalSection(NestedProjects) = preSolution
		{E87168B8-E5DD-4D41-A4F9-B9E5E1006486} = {3CB4E1DD-0B49-41FB-9F5B-E83E69324C0D}
		{C7EBB7A0-FDC9-4337-B097-DEB956AE7273} = {E87168B8-E5DD-4D41-A4F9-B9E5E1006486}
		{594DF023-E07B-422F-95D4-57B852A8E0E9} = {E87168B8-E5DD-4D41-A4F9-B9E5E1006486}
		{618A3BD6-F74D-4ADC-A21E-AAE6BBEFDA68} = {E87168B8-E5DD-4D41-A4F9-B9E5E1006486}
		{A949EF6C-F7F8-4982-969E-1EA2E619EFB8} = {E87168B8-E5DD-4D41-A4F9-B9E5E1006486}
		{2079CC05-B5D4-4CE6-8EDA-2480D7FA789E} = {E87168B8-E5DD-4D41-A4F9-B9E5E1006486}
		{09AFC98A-75A2-49EA-94C2-D208C71E4502} = {E87168B8-E5DD-4D41-A4F9-B9E5E1006486}
		{34604B42-E021-47DF-B01C-E3C5DEA08095} = {3CB4E1DD-0B49-41FB-9F5B-E83E69324C0D}
		{1A79F15F-C892-46C7-BC26-79D2B6A0233B} = {34604B42-E021-47DF-B01C-E3C5DEA08095}
		{9960C2C7-E71D-40F4-8169-DF39A29EB788} = {34604B42-E021-47DF-B01C-E3C5DEA08095}
		{112F2018-EA59-466C-BDEE-9EF2F848EA2B} = {3CB4E1DD-0B49-41FB-9F5B-E83E69324C0D}
		{0799CF17-DAB4-4767-8DC9-FD44B0FA9E14} = {112F2018-EA59-466C-BDEE-9EF2F848EA2B}
		{4D836DC2-6487-4FDB-8496-A2FE6164CEA8} = {112F2018-EA59-466C-BDEE-9EF2F848EA2B}
		{C19FBB99-970C-42ED-8E3F-32EFEC2DF85C} = {112F2018-EA59-466C-BDEE-9EF2F848EA2B}
		{E17DF1C3-8A34-423F-971F-51EFA5AD4AE8} = {112F2018-EA59-466C-BDEE-9EF2F848EA2B}
		{EB2C368F-AF61-4996-A159-C08EF23AD03C} = {112F2018-EA59-466C-BDEE-9EF2F848EA2B}
		{5A6F9A5B-9691-4711-A76D-E7AE6E8EF304} = {112F2018-EA59-466C-BDEE-9EF2F848EA2B}
		{4F507AC0-0803-41D4-BF85-F59B9D5DCFCD} = {112F2018-EA59-466C-BDEE-9EF2F848EA2B}
		{40793A27-478B-4357-B4C3-FC8943131F3D} = {112F2018-EA59-466C-BDEE-9EF2F848EA2B}
		{4715FA62-377A-4BF8-952B-EA9E96927E8B} = {E87168B8-E5DD-4D41-A4F9-B9E5E1006486}
		{91F1FC38-4EE3-4360-B7C7-E8E1EE7345D3} = {E2A28F61-252C-4DB6-8E9E-8BBD8B2F0807}
		{233DE2C1-5AF4-4AAC-926F-E19DB37512DA} = {E2A28F61-252C-4DB6-8E9E-8BBD8B2F0807}
		{351563A5-B07B-4412-84DB-3D3F93C0BC8C} = {3CB4E1DD-0B49-41FB-9F5B-E83E69324C0D}
		{DB81988F-E0F2-45A0-A1FD-8C37F3D35244} = {351563A5-B07B-4412-84DB-3D3F93C0BC8C}
		{BA72CCE0-A9FB-4995-B496-7FEC5C87B85B} = {351563A5-B07B-4412-84DB-3D3F93C0BC8C}
		{89286EB4-B4A1-418C-839A-067B00F442D8} = {351563A5-B07B-4412-84DB-3D3F93C0BC8C}
		{B3FC3E21-5F2D-4581-AEA2-59F671CFFC21} = {351563A5-B07B-4412-84DB-3D3F93C0BC8C}
		{86BB2C29-DFA3-48CC-BC06-7A7BD84BC837} = {45E10929-5304-49AD-AD6B-CB9476952C88}
	EndGlobalSection
	GlobalSection(ExtensibilityGlobals) = postSolution
		SolutionGuid = {F82102BF-600C-41F1-9C60-F506A818F222}
	EndGlobalSection
EndGlobal
