
Microsoft Visual Studio Solution File, Format Version 12.00
# Visual Studio Version 16
VisualStudioVersion = 16.0.33027.164
MinimumVisualStudioVersion = 10.0.40219.1
Project("{FAE04EC0-301F-11D3-BF4B-00C04F79EFBC}") = "RS.UtilityLib", "RS.UtilityLib\RS.UtilityLib.csproj", "{43055DEE-DD87-4B1B-848A-4240E98837D8}"
EndProject
Project("{FAE04EC0-301F-11D3-BF4B-00C04F79EFBC}") = "RS.UtilityLib.StateMachine", "RS.UtilityLib.StateMachine\RS.UtilityLib.StateMachine.csproj", "{DB546C1E-0805-4B9A-A0D3-A5A9F3775E93}"
EndProject
Project("{2150E333-8FDC-42A3-9474-1A3956D46DE8}") = "Krypton.Docking.LTS", "Krypton.Docking.LTS", "{E87168B8-E5DD-4D41-A4F9-B9E5E1006486}"
EndProject
Project("{2150E333-8FDC-42A3-9474-1A3956D46DE8}") = "Native", "Native", "{D9A2A4A7-07BF-4EF9-9F07-C1612BE5541A}"
EndProject
Project("{2150E333-8FDC-42A3-9474-1A3956D46DE8}") = "ParsingCommandLine", "ParsingCommandLine", "{E2A28F61-252C-4DB6-8E9E-8BBD8B2F0807}"
EndProject
Project("{FAE04EC0-301F-11D3-BF4B-00C04F79EFBC}") = "Jokedst.GetOpt", "..\irrlicht-1.8.5\commandline-master\GetOpt-master\Jokedst.GetOpt\Jokedst.GetOpt.csproj", "{91F1FC38-4EE3-4360-B7C7-E8E1EE7345D3}"
EndProject
Project("{FAE04EC0-301F-11D3-BF4B-00C04F79EFBC}") = "Tests", "..\irrlicht-1.8.5\commandline-master\GetOpt-master\Tests\Tests.csproj", "{A2F20897-B564-40F9-905B-1A49980AEF43}"
EndProject
Project("{FAE04EC0-301F-11D3-BF4B-00C04F79EFBC}") = "SampleApp", "..\irrlicht-1.8.5\commandline-master\GetOpt-master\SampleApp\SampleApp.csproj", "{6085FE8C-C487-4C06-AFC9-3B24AD59F9C3}"
EndProject
Project("{2150E333-8FDC-42A3-9474-1A3956D46DE8}") = "Docking", "Docking", "{3CB4E1DD-0B49-41FB-9F5B-E83E69324C0D}"
EndProject
Project("{FAE04EC0-301F-11D3-BF4B-00C04F79EFBC}") = "Docking35", "RS.UtilityLib.Docking\Krypton\Docking35\Docking35.csproj", "{C7EBB7A0-FDC9-4337-B097-DEB956AE7273}"
EndProject
Project("{FAE04EC0-301F-11D3-BF4B-00C04F79EFBC}") = "DockingTest", "RS.UtilityLib.Docking\Krypton\DockingTest\DockingTest.csproj", "{594DF023-E07B-422F-95D4-57B852A8E0E9}"
EndProject
Project("{FAE04EC0-301F-11D3-BF4B-00C04F79EFBC}") = "Navigator35", "RS.UtilityLib.Docking\Krypton\Navigator35\Navigator35.csproj", "{618A3BD6-F74D-4ADC-A21E-AAE6BBEFDA68}"
EndProject
Project("{FAE04EC0-301F-11D3-BF4B-00C04F79EFBC}") = "Ribbon35", "RS.UtilityLib.Docking\Krypton\Ribbon35\Ribbon35.csproj", "{A949EF6C-F7F8-4982-969E-1EA2E619EFB8}"
EndProject
Project("{FAE04EC0-301F-11D3-BF4B-00C04F79EFBC}") = "Toolkit35", "RS.UtilityLib.Docking\Krypton\Toolkit35\Toolkit35.csproj", "{2079CC05-B5D4-4CE6-8EDA-2480D7FA789E}"
EndProject
Project("{FAE04EC0-301F-11D3-BF4B-00C04F79EFBC}") = "Workspace35", "RS.UtilityLib.Docking\Krypton\Workspace35\Workspace35.csproj", "{09AFC98A-75A2-49EA-94C2-D208C71E4502}"
EndProject
Project("{2150E333-8FDC-42A3-9474-1A3956D46DE8}") = "Atiran.CustomDocking", "Atiran.CustomDocking", "{34604B42-E021-47DF-B01C-E3C5DEA08095}"
EndProject
Project("{FAE04EC0-301F-11D3-BF4B-00C04F79EFBC}") = "Atiran.CustomDocking", "RS.UtilityLib.Docking\Atiran.CustomDocking\Atiran.CustomDocking.csproj", "{1A79F15F-C892-46C7-BC26-79D2B6A0233B}"
EndProject
Project("{FAE04EC0-301F-11D3-BF4B-00C04F79EFBC}") = "Test", "RS.UtilityLib.Docking\Atiran.CustomDocking\Test\Test.csproj", "{9960C2C7-E71D-40F4-8169-DF39A29EB788}"
EndProject
Project("{2150E333-8FDC-42A3-9474-1A3956D46DE8}") = "WeifenLuo.DockPanelSuite", "WeifenLuo.DockPanelSuite", "{112F2018-EA59-466C-BDEE-9EF2F848EA2B}"
EndProject
Project("{9A19103F-16F7-4668-BE54-9A1E7A4F7556}") = "WinFormsUI", "..\irrlicht-1.8.5\dockpanelsuite-master\WinFormsUI\WinFormsUI.csproj", "{BB71FF2C-3F95-4B70-B9B4-A9794C6BD97B}"
EndProject
Project("{FAE04EC0-301F-11D3-BF4B-00C04F79EFBC}") = "WeifenLuo.WinFormsUI.Docking", "RS.UtilityLib.Docking\WeifenLuo.WinFormsUI.Docking\WeifenLuo.WinFormsUI.Docking.csproj", "{0799CF17-DAB4-4767-8DC9-FD44B0FA9E14}"
EndProject
Project("{9A19103F-16F7-4668-BE54-9A1E7A4F7556}") = "ThemeVS2015", "..\irrlicht-1.8.5\dockpanelsuite-master\WinFormsUI\ThemeVS2015.csproj", "{D126D9C0-2735-4A48-87B6-7E7D5E0021BC}"
EndProject
Project("{9A19103F-16F7-4668-BE54-9A1E7A4F7556}") = "ThemeVS2013", "..\irrlicht-1.8.5\dockpanelsuite-master\WinFormsUI\ThemeVS2013.csproj", "{7D63C17D-11ED-4BA0-AA25-1845C2918532}"
EndProject
Project("{9A19103F-16F7-4668-BE54-9A1E7A4F7556}") = "ThemeVS2012", "..\irrlicht-1.8.5\dockpanelsuite-master\WinFormsUI\ThemeVS2012.csproj", "{C7D2F8D1-D721-41FB-8DAD-938F54038133}"
EndProject
Project("{FAE04EC0-301F-11D3-BF4B-00C04F79EFBC}") = "DockSample", "..\irrlicht-1.8.5\dockpanelsuite-master\DockSample\DockSample.csproj", "{40793A27-478B-4357-B4C3-FC8943131F3D}"
EndProject
Project("{FAE04EC0-301F-11D3-BF4B-00C04F79EFBC}") = "Tests", "..\irrlicht-1.8.5\dockpanelsuite-master\Tests\Tests.csproj", "{2EF6DD60-E690-4E65-AD06-B3041C0ACDD2}"
EndProject
Project("{FAE04EC0-301F-11D3-BF4B-00C04F79EFBC}") = "Tests2", "..\irrlicht-1.8.5\dockpanelsuite-master\Tests2\Tests2.csproj", "{4B0F335C-88AD-4884-B286-0107D24D246B}"
EndProject
Project("{FAE04EC0-301F-11D3-BF4B-00C04F79EFBC}") = "Tests3", "..\irrlicht-1.8.5\dockpanelsuite-master\Tests3\Tests3.csproj", "{6C17B7EB-B55B-4878-8EB1-5AA6942FB50F}"
EndProject
Project("{FAE04EC0-301F-11D3-BF4B-00C04F79EFBC}") = "ThemeVS2003_35", "RS.UtilityLib.Docking\WeifenLuo.WinFormsUI.Docking\ThemeVS2003_35\ThemeVS2003_35.csproj", "{4D836DC2-6487-4FDB-8496-A2FE6164CEA8}"
EndProject
Project("{FAE04EC0-301F-11D3-BF4B-00C04F79EFBC}") = "ThemeVS2005_35", "RS.UtilityLib.Docking\WeifenLuo.WinFormsUI.Docking\ThemeVS2005_35\ThemeVS2005_35.csproj", "{C19FBB99-970C-42ED-8E3F-32EFEC2DF85C}"
EndProject
Project("{FAE04EC0-301F-11D3-BF4B-00C04F79EFBC}") = "ThemeVS2005Multithreading35", "RS.UtilityLib.Docking\WeifenLuo.WinFormsUI.Docking\ThemeVS2005Multithreading35\ThemeVS2005Multithreading35.csproj", "{E17DF1C3-8A34-423F-971F-51EFA5AD4AE8}"
EndProject
Project("{FAE04EC0-301F-11D3-BF4B-00C04F79EFBC}") = "ThemeVS2012_35", "RS.UtilityLib.Docking\WeifenLuo.WinFormsUI.Docking\ThemeVS2012_35\ThemeVS2012_35.csproj", "{EB2C368F-AF61-4996-A159-C08EF23AD03C}"
EndProject
Global
	GlobalSection(SolutionConfigurationPlatforms) = preSolution
		Debug|Any CPU = Debug|Any CPU
		Debug|x86 = Debug|x86
		Release|Any CPU = Release|Any CPU
		Release|x86 = Release|x86
	EndGlobalSection
	GlobalSection(ProjectConfigurationPlatforms) = postSolution
		{43055DEE-DD87-4B1B-848A-4240E98837D8}.Debug|Any CPU.ActiveCfg = Debug|Any CPU
		{43055DEE-DD87-4B1B-848A-4240E98837D8}.Debug|Any CPU.Build.0 = Debug|Any CPU
		{43055DEE-DD87-4B1B-848A-4240E98837D8}.Debug|x86.ActiveCfg = Debug|Any CPU
		{43055DEE-DD87-4B1B-848A-4240E98837D8}.Debug|x86.Build.0 = Debug|Any CPU
		{43055DEE-DD87-4B1B-848A-4240E98837D8}.Release|Any CPU.ActiveCfg = Release|Any CPU
		{43055DEE-DD87-4B1B-848A-4240E98837D8}.Release|Any CPU.Build.0 = Release|Any CPU
		{43055DEE-DD87-4B1B-848A-4240E98837D8}.Release|x86.ActiveCfg = Release|Any CPU
		{43055DEE-DD87-4B1B-848A-4240E98837D8}.Release|x86.Build.0 = Release|Any CPU
		{DB546C1E-0805-4B9A-A0D3-A5A9F3775E93}.Debug|Any CPU.ActiveCfg = Debug|Any CPU
		{DB546C1E-0805-4B9A-A0D3-A5A9F3775E93}.Debug|Any CPU.Build.0 = Debug|Any CPU
		{DB546C1E-0805-4B9A-A0D3-A5A9F3775E93}.Debug|x86.ActiveCfg = Debug|Any CPU
		{DB546C1E-0805-4B9A-A0D3-A5A9F3775E93}.Debug|x86.Build.0 = Debug|Any CPU
		{DB546C1E-0805-4B9A-A0D3-A5A9F3775E93}.Release|Any CPU.ActiveCfg = Release|Any CPU
		{DB546C1E-0805-4B9A-A0D3-A5A9F3775E93}.Release|Any CPU.Build.0 = Release|Any CPU
		{DB546C1E-0805-4B9A-A0D3-A5A9F3775E93}.Release|x86.ActiveCfg = Release|Any CPU
		{DB546C1E-0805-4B9A-A0D3-A5A9F3775E93}.Release|x86.Build.0 = Release|Any CPU
		{91F1FC38-4EE3-4360-B7C7-E8E1EE7345D3}.Debug|Any CPU.ActiveCfg = Debug|Any CPU
		{91F1FC38-4EE3-4360-B7C7-E8E1EE7345D3}.Debug|Any CPU.Build.0 = Debug|Any CPU
		{91F1FC38-4EE3-4360-B7C7-E8E1EE7345D3}.Debug|x86.ActiveCfg = Debug|Any CPU
		{91F1FC38-4EE3-4360-B7C7-E8E1EE7345D3}.Debug|x86.Build.0 = Debug|Any CPU
		{91F1FC38-4EE3-4360-B7C7-E8E1EE7345D3}.Release|Any CPU.ActiveCfg = Release|Any CPU
		{91F1FC38-4EE3-4360-B7C7-E8E1EE7345D3}.Release|Any CPU.Build.0 = Release|Any CPU
		{91F1FC38-4EE3-4360-B7C7-E8E1EE7345D3}.Release|x86.ActiveCfg = Release|Any CPU
		{91F1FC38-4EE3-4360-B7C7-E8E1EE7345D3}.Release|x86.Build.0 = Release|Any CPU
		{A2F20897-B564-40F9-905B-1A49980AEF43}.Debug|Any CPU.ActiveCfg = Debug|Any CPU
		{A2F20897-B564-40F9-905B-1A49980AEF43}.Debug|Any CPU.Build.0 = Debug|Any CPU
		{A2F20897-B564-40F9-905B-1A49980AEF43}.Debug|x86.ActiveCfg = Debug|Any CPU
		{A2F20897-B564-40F9-905B-1A49980AEF43}.Debug|x86.Build.0 = Debug|Any CPU
		{A2F20897-B564-40F9-905B-1A49980AEF43}.Release|Any CPU.ActiveCfg = Release|Any CPU
		{A2F20897-B564-40F9-905B-1A49980AEF43}.Release|Any CPU.Build.0 = Release|Any CPU
		{A2F20897-B564-40F9-905B-1A49980AEF43}.Release|x86.ActiveCfg = Release|Any CPU
		{A2F20897-B564-40F9-905B-1A49980AEF43}.Release|x86.Build.0 = Release|Any CPU
		{6085FE8C-C487-4C06-AFC9-3B24AD59F9C3}.Debug|Any CPU.ActiveCfg = Debug|Any CPU
		{6085FE8C-C487-4C06-AFC9-3B24AD59F9C3}.Debug|Any CPU.Build.0 = Debug|Any CPU
		{6085FE8C-C487-4C06-AFC9-3B24AD59F9C3}.Debug|x86.ActiveCfg = Debug|Any CPU
		{6085FE8C-C487-4C06-AFC9-3B24AD59F9C3}.Debug|x86.Build.0 = Debug|Any CPU
		{6085FE8C-C487-4C06-AFC9-3B24AD59F9C3}.Release|Any CPU.ActiveCfg = Release|Any CPU
		{6085FE8C-C487-4C06-AFC9-3B24AD59F9C3}.Release|Any CPU.Build.0 = Release|Any CPU
		{6085FE8C-C487-4C06-AFC9-3B24AD59F9C3}.Release|x86.ActiveCfg = Release|Any CPU
		{6085FE8C-C487-4C06-AFC9-3B24AD59F9C3}.Release|x86.Build.0 = Release|Any CPU
		{C7EBB7A0-FDC9-4337-B097-DEB956AE7273}.Debug|Any CPU.ActiveCfg = Debug|Any CPU
		{C7EBB7A0-FDC9-4337-B097-DEB956AE7273}.Debug|Any CPU.Build.0 = Debug|Any CPU
		{C7EBB7A0-FDC9-4337-B097-DEB956AE7273}.Debug|x86.ActiveCfg = Debug|Any CPU
		{C7EBB7A0-FDC9-4337-B097-DEB956AE7273}.Debug|x86.Build.0 = Debug|Any CPU
		{C7EBB7A0-FDC9-4337-B097-DEB956AE7273}.Release|Any CPU.ActiveCfg = Release|Any CPU
		{C7EBB7A0-FDC9-4337-B097-DEB956AE7273}.Release|Any CPU.Build.0 = Release|Any CPU
		{C7EBB7A0-FDC9-4337-B097-DEB956AE7273}.Release|x86.ActiveCfg = Release|Any CPU
		{C7EBB7A0-FDC9-4337-B097-DEB956AE7273}.Release|x86.Build.0 = Release|Any CPU
		{594DF023-E07B-422F-95D4-57B852A8E0E9}.Debug|Any CPU.ActiveCfg = Debug|Any CPU
		{594DF023-E07B-422F-95D4-57B852A8E0E9}.Debug|Any CPU.Build.0 = Debug|Any CPU
		{594DF023-E07B-422F-95D4-57B852A8E0E9}.Debug|x86.ActiveCfg = Debug|Any CPU
		{594DF023-E07B-422F-95D4-57B852A8E0E9}.Debug|x86.Build.0 = Debug|Any CPU
		{594DF023-E07B-422F-95D4-57B852A8E0E9}.Release|Any CPU.ActiveCfg = Release|Any CPU
		{594DF023-E07B-422F-95D4-57B852A8E0E9}.Release|Any CPU.Build.0 = Release|Any CPU
		{594DF023-E07B-422F-95D4-57B852A8E0E9}.Release|x86.ActiveCfg = Release|Any CPU
		{594DF023-E07B-422F-95D4-57B852A8E0E9}.Release|x86.Build.0 = Release|Any CPU
		{618A3BD6-F74D-4ADC-A21E-AAE6BBEFDA68}.Debug|Any CPU.ActiveCfg = Debug|Any CPU
		{618A3BD6-F74D-4ADC-A21E-AAE6BBEFDA68}.Debug|Any CPU.Build.0 = Debug|Any CPU
		{618A3BD6-F74D-4ADC-A21E-AAE6BBEFDA68}.Debug|x86.ActiveCfg = Debug|Any CPU
		{618A3BD6-F74D-4ADC-A21E-AAE6BBEFDA68}.Debug|x86.Build.0 = Debug|Any CPU
		{618A3BD6-F74D-4ADC-A21E-AAE6BBEFDA68}.Release|Any CPU.ActiveCfg = Release|Any CPU
		{618A3BD6-F74D-4ADC-A21E-AAE6BBEFDA68}.Release|Any CPU.Build.0 = Release|Any CPU
		{618A3BD6-F74D-4ADC-A21E-AAE6BBEFDA68}.Release|x86.ActiveCfg = Release|Any CPU
		{618A3BD6-F74D-4ADC-A21E-AAE6BBEFDA68}.Release|x86.Build.0 = Release|Any CPU
		{A949EF6C-F7F8-4982-969E-1EA2E619EFB8}.Debug|Any CPU.ActiveCfg = Debug|Any CPU
		{A949EF6C-F7F8-4982-969E-1EA2E619EFB8}.Debug|Any CPU.Build.0 = Debug|Any CPU
		{A949EF6C-F7F8-4982-969E-1EA2E619EFB8}.Debug|x86.ActiveCfg = Debug|Any CPU
		{A949EF6C-F7F8-4982-969E-1EA2E619EFB8}.Debug|x86.Build.0 = Debug|Any CPU
		{A949EF6C-F7F8-4982-969E-1EA2E619EFB8}.Release|Any CPU.ActiveCfg = Release|Any CPU
		{A949EF6C-F7F8-4982-969E-1EA2E619EFB8}.Release|Any CPU.Build.0 = Release|Any CPU
		{A949EF6C-F7F8-4982-969E-1EA2E619EFB8}.Release|x86.ActiveCfg = Release|Any CPU
		{A949EF6C-F7F8-4982-969E-1EA2E619EFB8}.Release|x86.Build.0 = Release|Any CPU
		{2079CC05-B5D4-4CE6-8EDA-2480D7FA789E}.Debug|Any CPU.ActiveCfg = Debug|Any CPU
		{2079CC05-B5D4-4CE6-8EDA-2480D7FA789E}.Debug|Any CPU.Build.0 = Debug|Any CPU
		{2079CC05-B5D4-4CE6-8EDA-2480D7FA789E}.Debug|x86.ActiveCfg = Debug|Any CPU
		{2079CC05-B5D4-4CE6-8EDA-2480D7FA789E}.Debug|x86.Build.0 = Debug|Any CPU
		{2079CC05-B5D4-4CE6-8EDA-2480D7FA789E}.Release|Any CPU.ActiveCfg = Release|Any CPU
		{2079CC05-B5D4-4CE6-8EDA-2480D7FA789E}.Release|Any CPU.Build.0 = Release|Any CPU
		{2079CC05-B5D4-4CE6-8EDA-2480D7FA789E}.Release|x86.ActiveCfg = Release|Any CPU
		{2079CC05-B5D4-4CE6-8EDA-2480D7FA789E}.Release|x86.Build.0 = Release|Any CPU
		{09AFC98A-75A2-49EA-94C2-D208C71E4502}.Debug|Any CPU.ActiveCfg = Debug|Any CPU
		{09AFC98A-75A2-49EA-94C2-D208C71E4502}.Debug|Any CPU.Build.0 = Debug|Any CPU
		{09AFC98A-75A2-49EA-94C2-D208C71E4502}.Debug|x86.ActiveCfg = Debug|Any CPU
		{09AFC98A-75A2-49EA-94C2-D208C71E4502}.Debug|x86.Build.0 = Debug|Any CPU
		{09AFC98A-75A2-49EA-94C2-D208C71E4502}.Release|Any CPU.ActiveCfg = Release|Any CPU
		{09AFC98A-75A2-49EA-94C2-D208C71E4502}.Release|Any CPU.Build.0 = Release|Any CPU
		{09AFC98A-75A2-49EA-94C2-D208C71E4502}.Release|x86.ActiveCfg = Release|Any CPU
		{09AFC98A-75A2-49EA-94C2-D208C71E4502}.Release|x86.Build.0 = Release|Any CPU
		{1A79F15F-C892-46C7-BC26-79D2B6A0233B}.Debug|Any CPU.ActiveCfg = Debug|Any CPU
		{1A79F15F-C892-46C7-BC26-79D2B6A0233B}.Debug|Any CPU.Build.0 = Debug|Any CPU
		{1A79F15F-C892-46C7-BC26-79D2B6A0233B}.Debug|x86.ActiveCfg = Debug|Any CPU
		{1A79F15F-C892-46C7-BC26-79D2B6A0233B}.Debug|x86.Build.0 = Debug|Any CPU
		{1A79F15F-C892-46C7-BC26-79D2B6A0233B}.Release|Any CPU.ActiveCfg = Release|Any CPU
		{1A79F15F-C892-46C7-BC26-79D2B6A0233B}.Release|Any CPU.Build.0 = Release|Any CPU
		{1A79F15F-C892-46C7-BC26-79D2B6A0233B}.Release|x86.ActiveCfg = Release|Any CPU
		{1A79F15F-C892-46C7-BC26-79D2B6A0233B}.Release|x86.Build.0 = Release|Any CPU
		{9960C2C7-E71D-40F4-8169-DF39A29EB788}.Debug|Any CPU.ActiveCfg = Debug|Any CPU
		{9960C2C7-E71D-40F4-8169-DF39A29EB788}.Debug|Any CPU.Build.0 = Debug|Any CPU
		{9960C2C7-E71D-40F4-8169-DF39A29EB788}.Debug|x86.ActiveCfg = Debug|Any CPU
		{9960C2C7-E71D-40F4-8169-DF39A29EB788}.Debug|x86.Build.0 = Debug|Any CPU
		{9960C2C7-E71D-40F4-8169-DF39A29EB788}.Release|Any CPU.ActiveCfg = Release|Any CPU
		{9960C2C7-E71D-40F4-8169-DF39A29EB788}.Release|Any CPU.Build.0 = Release|Any CPU
		{9960C2C7-E71D-40F4-8169-DF39A29EB788}.Release|x86.ActiveCfg = Release|Any CPU
		{9960C2C7-E71D-40F4-8169-DF39A29EB788}.Release|x86.Build.0 = Release|Any CPU
		{BB71FF2C-3F95-4B70-B9B4-A9794C6BD97B}.Debug|Any CPU.ActiveCfg = Debug|Any CPU
		{BB71FF2C-3F95-4B70-B9B4-A9794C6BD97B}.Debug|Any CPU.Build.0 = Debug|Any CPU
		{BB71FF2C-3F95-4B70-B9B4-A9794C6BD97B}.Debug|x86.ActiveCfg = Debug|Any CPU
		{BB71FF2C-3F95-4B70-B9B4-A9794C6BD97B}.Debug|x86.Build.0 = Debug|Any CPU
		{BB71FF2C-3F95-4B70-B9B4-A9794C6BD97B}.Release|Any CPU.ActiveCfg = Release|Any CPU
		{BB71FF2C-3F95-4B70-B9B4-A9794C6BD97B}.Release|Any CPU.Build.0 = Release|Any CPU
		{BB71FF2C-3F95-4B70-B9B4-A9794C6BD97B}.Release|x86.ActiveCfg = Release|Any CPU
		{BB71FF2C-3F95-4B70-B9B4-A9794C6BD97B}.Release|x86.Build.0 = Release|Any CPU
		{0799CF17-DAB4-4767-8DC9-FD44B0FA9E14}.Debug|Any CPU.ActiveCfg = Debug|Any CPU
		{0799CF17-DAB4-4767-8DC9-FD44B0FA9E14}.Debug|Any CPU.Build.0 = Debug|Any CPU
		{0799CF17-DAB4-4767-8DC9-FD44B0FA9E14}.Debug|x86.ActiveCfg = Debug|Any CPU
		{0799CF17-DAB4-4767-8DC9-FD44B0FA9E14}.Debug|x86.Build.0 = Debug|Any CPU
		{0799CF17-DAB4-4767-8DC9-FD44B0FA9E14}.Release|Any CPU.ActiveCfg = Release|Any CPU
		{0799CF17-DAB4-4767-8DC9-FD44B0FA9E14}.Release|Any CPU.Build.0 = Release|Any CPU
		{0799CF17-DAB4-4767-8DC9-FD44B0FA9E14}.Release|x86.ActiveCfg = Release|Any CPU
		{0799CF17-DAB4-4767-8DC9-FD44B0FA9E14}.Release|x86.Build.0 = Release|Any CPU
		{D126D9C0-2735-4A48-87B6-7E7D5E0021BC}.Debug|Any CPU.ActiveCfg = Debug|Any CPU
		{D126D9C0-2735-4A48-87B6-7E7D5E0021BC}.Debug|Any CPU.Build.0 = Debug|Any CPU
		{D126D9C0-2735-4A48-87B6-7E7D5E0021BC}.Debug|x86.ActiveCfg = Debug|Any CPU
		{D126D9C0-2735-4A48-87B6-7E7D5E0021BC}.Debug|x86.Build.0 = Debug|Any CPU
		{D126D9C0-2735-4A48-87B6-7E7D5E0021BC}.Release|Any CPU.ActiveCfg = Release|Any CPU
		{D126D9C0-2735-4A48-87B6-7E7D5E0021BC}.Release|Any CPU.Build.0 = Release|Any CPU
		{D126D9C0-2735-4A48-87B6-7E7D5E0021BC}.Release|x86.ActiveCfg = Release|Any CPU
		{D126D9C0-2735-4A48-87B6-7E7D5E0021BC}.Release|x86.Build.0 = Release|Any CPU
		{7D63C17D-11ED-4BA0-AA25-1845C2918532}.Debug|Any CPU.ActiveCfg = Debug|Any CPU
		{7D63C17D-11ED-4BA0-AA25-1845C2918532}.Debug|Any CPU.Build.0 = Debug|Any CPU
		{7D63C17D-11ED-4BA0-AA25-1845C2918532}.Debug|x86.ActiveCfg = Debug|Any CPU
		{7D63C17D-11ED-4BA0-AA25-1845C2918532}.Debug|x86.Build.0 = Debug|Any CPU
		{7D63C17D-11ED-4BA0-AA25-1845C2918532}.Release|Any CPU.ActiveCfg = Release|Any CPU
		{7D63C17D-11ED-4BA0-AA25-1845C2918532}.Release|Any CPU.Build.0 = Release|Any CPU
		{7D63C17D-11ED-4BA0-AA25-1845C2918532}.Release|x86.ActiveCfg = Release|Any CPU
		{7D63C17D-11ED-4BA0-AA25-1845C2918532}.Release|x86.Build.0 = Release|Any CPU
		{C7D2F8D1-D721-41FB-8DAD-938F54038133}.Debug|Any CPU.ActiveCfg = Debug|Any CPU
		{C7D2F8D1-D721-41FB-8DAD-938F54038133}.Debug|Any CPU.Build.0 = Debug|Any CPU
		{C7D2F8D1-D721-41FB-8DAD-938F54038133}.Debug|x86.ActiveCfg = Debug|Any CPU
		{C7D2F8D1-D721-41FB-8DAD-938F54038133}.Debug|x86.Build.0 = Debug|Any CPU
		{C7D2F8D1-D721-41FB-8DAD-938F54038133}.Release|Any CPU.ActiveCfg = Release|Any CPU
		{C7D2F8D1-D721-41FB-8DAD-938F54038133}.Release|Any CPU.Build.0 = Release|Any CPU
		{C7D2F8D1-D721-41FB-8DAD-938F54038133}.Release|x86.ActiveCfg = Release|Any CPU
		{C7D2F8D1-D721-41FB-8DAD-938F54038133}.Release|x86.Build.0 = Release|Any CPU
		{40793A27-478B-4357-B4C3-FC8943131F3D}.Debug|Any CPU.ActiveCfg = Debug|Any CPU
		{40793A27-478B-4357-B4C3-FC8943131F3D}.Debug|Any CPU.Build.0 = Debug|Any CPU
		{40793A27-478B-4357-B4C3-FC8943131F3D}.Debug|x86.ActiveCfg = Debug|Any CPU
		{40793A27-478B-4357-B4C3-FC8943131F3D}.Debug|x86.Build.0 = Debug|Any CPU
		{40793A27-478B-4357-B4C3-FC8943131F3D}.Release|Any CPU.ActiveCfg = Release|Any CPU
		{40793A27-478B-4357-B4C3-FC8943131F3D}.Release|Any CPU.Build.0 = Release|Any CPU
		{40793A27-478B-4357-B4C3-FC8943131F3D}.Release|x86.ActiveCfg = Release|Any CPU
		{40793A27-478B-4357-B4C3-FC8943131F3D}.Release|x86.Build.0 = Release|Any CPU
		{2EF6DD60-E690-4E65-AD06-B3041C0ACDD2}.Debug|Any CPU.ActiveCfg = Debug|Any CPU
		{2EF6DD60-E690-4E65-AD06-B3041C0ACDD2}.Debug|Any CPU.Build.0 = Debug|Any CPU
		{2EF6DD60-E690-4E65-AD06-B3041C0ACDD2}.Debug|x86.ActiveCfg = Debug|Any CPU
		{2EF6DD60-E690-4E65-AD06-B3041C0ACDD2}.Debug|x86.Build.0 = Debug|Any CPU
		{2EF6DD60-E690-4E65-AD06-B3041C0ACDD2}.Release|Any CPU.ActiveCfg = Release|Any CPU
		{2EF6DD60-E690-4E65-AD06-B3041C0ACDD2}.Release|Any CPU.Build.0 = Release|Any CPU
		{2EF6DD60-E690-4E65-AD06-B3041C0ACDD2}.Release|x86.ActiveCfg = Release|Any CPU
		{2EF6DD60-E690-4E65-AD06-B3041C0ACDD2}.Release|x86.Build.0 = Release|Any CPU
		{4B0F335C-88AD-4884-B286-0107D24D246B}.Debug|Any CPU.ActiveCfg = Debug|Any CPU
		{4B0F335C-88AD-4884-B286-0107D24D246B}.Debug|Any CPU.Build.0 = Debug|Any CPU
		{4B0F335C-88AD-4884-B286-0107D24D246B}.Debug|x86.ActiveCfg = Debug|Any CPU
		{4B0F335C-88AD-4884-B286-0107D24D246B}.Debug|x86.Build.0 = Debug|Any CPU
		{4B0F335C-88AD-4884-B286-0107D24D246B}.Release|Any CPU.ActiveCfg = Release|Any CPU
		{4B0F335C-88AD-4884-B286-0107D24D246B}.Release|Any CPU.Build.0 = Release|Any CPU
		{4B0F335C-88AD-4884-B286-0107D24D246B}.Release|x86.ActiveCfg = Release|Any CPU
		{4B0F335C-88AD-4884-B286-0107D24D246B}.Release|x86.Build.0 = Release|Any CPU
		{6C17B7EB-B55B-4878-8EB1-5AA6942FB50F}.Debug|Any CPU.ActiveCfg = Debug|Any CPU
		{6C17B7EB-B55B-4878-8EB1-5AA6942FB50F}.Debug|Any CPU.Build.0 = Debug|Any CPU
		{6C17B7EB-B55B-4878-8EB1-5AA6942FB50F}.Debug|x86.ActiveCfg = Debug|Any CPU
		{6C17B7EB-B55B-4878-8EB1-5AA6942FB50F}.Debug|x86.Build.0 = Debug|Any CPU
		{6C17B7EB-B55B-4878-8EB1-5AA6942FB50F}.Release|Any CPU.ActiveCfg = Release|Any CPU
		{6C17B7EB-B55B-4878-8EB1-5AA6942FB50F}.Release|Any CPU.Build.0 = Release|Any CPU
		{6C17B7EB-B55B-4878-8EB1-5AA6942FB50F}.Release|x86.ActiveCfg = Release|Any CPU
		{6C17B7EB-B55B-4878-8EB1-5AA6942FB50F}.Release|x86.Build.0 = Release|Any CPU
		{4D836DC2-6487-4FDB-8496-A2FE6164CEA8}.Debug|Any CPU.ActiveCfg = Debug|Any CPU
		{4D836DC2-6487-4FDB-8496-A2FE6164CEA8}.Debug|Any CPU.Build.0 = Debug|Any CPU
		{4D836DC2-6487-4FDB-8496-A2FE6164CEA8}.Debug|x86.ActiveCfg = Debug|Any CPU
		{4D836DC2-6487-4FDB-8496-A2FE6164CEA8}.Debug|x86.Build.0 = Debug|Any CPU
		{4D836DC2-6487-4FDB-8496-A2FE6164CEA8}.Release|Any CPU.ActiveCfg = Release|Any CPU
		{4D836DC2-6487-4FDB-8496-A2FE6164CEA8}.Release|Any CPU.Build.0 = Release|Any CPU
		{4D836DC2-6487-4FDB-8496-A2FE6164CEA8}.Release|x86.ActiveCfg = Release|Any CPU
		{4D836DC2-6487-4FDB-8496-A2FE6164CEA8}.Release|x86.Build.0 = Release|Any CPU
		{C19FBB99-970C-42ED-8E3F-32EFEC2DF85C}.Debug|Any CPU.ActiveCfg = Debug|Any CPU
		{C19FBB99-970C-42ED-8E3F-32EFEC2DF85C}.Debug|Any CPU.Build.0 = Debug|Any CPU
		{C19FBB99-970C-42ED-8E3F-32EFEC2DF85C}.Debug|x86.ActiveCfg = Debug|Any CPU
		{C19FBB99-970C-42ED-8E3F-32EFEC2DF85C}.Debug|x86.Build.0 = Debug|Any CPU
		{C19FBB99-970C-42ED-8E3F-32EFEC2DF85C}.Release|Any CPU.ActiveCfg = Release|Any CPU
		{C19FBB99-970C-42ED-8E3F-32EFEC2DF85C}.Release|Any CPU.Build.0 = Release|Any CPU
		{C19FBB99-970C-42ED-8E3F-32EFEC2DF85C}.Release|x86.ActiveCfg = Release|Any CPU
		{C19FBB99-970C-42ED-8E3F-32EFEC2DF85C}.Release|x86.Build.0 = Release|Any CPU
		{E17DF1C3-8A34-423F-971F-51EFA5AD4AE8}.Debug|Any CPU.ActiveCfg = Debug|Any CPU
		{E17DF1C3-8A34-423F-971F-51EFA5AD4AE8}.Debug|Any CPU.Build.0 = Debug|Any CPU
		{E17DF1C3-8A34-423F-971F-51EFA5AD4AE8}.Debug|x86.ActiveCfg = Debug|Any CPU
		{E17DF1C3-8A34-423F-971F-51EFA5AD4AE8}.Debug|x86.Build.0 = Debug|Any CPU
		{E17DF1C3-8A34-423F-971F-51EFA5AD4AE8}.Release|Any CPU.ActiveCfg = Release|Any CPU
		{E17DF1C3-8A34-423F-971F-51EFA5AD4AE8}.Release|Any CPU.Build.0 = Release|Any CPU
		{E17DF1C3-8A34-423F-971F-51EFA5AD4AE8}.Release|x86.ActiveCfg = Release|Any CPU
		{E17DF1C3-8A34-423F-971F-51EFA5AD4AE8}.Release|x86.Build.0 = Release|Any CPU
		{EB2C368F-AF61-4996-A159-C08EF23AD03C}.Debug|Any CPU.ActiveCfg = Debug|Any CPU
		{EB2C368F-AF61-4996-A159-C08EF23AD03C}.Debug|Any CPU.Build.0 = Debug|Any CPU
		{EB2C368F-AF61-4996-A159-C08EF23AD03C}.Debug|x86.ActiveCfg = Debug|Any CPU
		{EB2C368F-AF61-4996-A159-C08EF23AD03C}.Debug|x86.Build.0 = Debug|Any CPU
		{EB2C368F-AF61-4996-A159-C08EF23AD03C}.Release|Any CPU.ActiveCfg = Release|Any CPU
		{EB2C368F-AF61-4996-A159-C08EF23AD03C}.Release|Any CPU.Build.0 = Release|Any CPU
		{EB2C368F-AF61-4996-A159-C08EF23AD03C}.Release|x86.ActiveCfg = Release|Any CPU
		{EB2C368F-AF61-4996-A159-C08EF23AD03C}.Release|x86.Build.0 = Release|Any CPU
	EndGlobalSection
	GlobalSection(SolutionProperties) = preSolution
		HideSolutionNode = FALSE
	EndGlobalSection
	GlobalSection(NestedProjects) = preSolution
		{E87168B8-E5DD-4D41-A4F9-B9E5E1006486} = {3CB4E1DD-0B49-41FB-9F5B-E83E69324C0D}
		{91F1FC38-4EE3-4360-B7C7-E8E1EE7345D3} = {E2A28F61-252C-4DB6-8E9E-8BBD8B2F0807}
		{A2F20897-B564-40F9-905B-1A49980AEF43} = {E2A28F61-252C-4DB6-8E9E-8BBD8B2F0807}
		{6085FE8C-C487-4C06-AFC9-3B24AD59F9C3} = {E2A28F61-252C-4DB6-8E9E-8BBD8B2F0807}
		{C7EBB7A0-FDC9-4337-B097-DEB956AE7273} = {E87168B8-E5DD-4D41-A4F9-B9E5E1006486}
		{594DF023-E07B-422F-95D4-57B852A8E0E9} = {E87168B8-E5DD-4D41-A4F9-B9E5E1006486}
		{618A3BD6-F74D-4ADC-A21E-AAE6BBEFDA68} = {E87168B8-E5DD-4D41-A4F9-B9E5E1006486}
		{A949EF6C-F7F8-4982-969E-1EA2E619EFB8} = {E87168B8-E5DD-4D41-A4F9-B9E5E1006486}
		{2079CC05-B5D4-4CE6-8EDA-2480D7FA789E} = {E87168B8-E5DD-4D41-A4F9-B9E5E1006486}
		{09AFC98A-75A2-49EA-94C2-D208C71E4502} = {E87168B8-E5DD-4D41-A4F9-B9E5E1006486}
		{34604B42-E021-47DF-B01C-E3C5DEA08095} = {3CB4E1DD-0B49-41FB-9F5B-E83E69324C0D}
		{1A79F15F-C892-46C7-BC26-79D2B6A0233B} = {34604B42-E021-47DF-B01C-E3C5DEA08095}
		{9960C2C7-E71D-40F4-8169-DF39A29EB788} = {34604B42-E021-47DF-B01C-E3C5DEA08095}
		{112F2018-EA59-466C-BDEE-9EF2F848EA2B} = {3CB4E1DD-0B49-41FB-9F5B-E83E69324C0D}
		{BB71FF2C-3F95-4B70-B9B4-A9794C6BD97B} = {112F2018-EA59-466C-BDEE-9EF2F848EA2B}
		{0799CF17-DAB4-4767-8DC9-FD44B0FA9E14} = {112F2018-EA59-466C-BDEE-9EF2F848EA2B}
		{D126D9C0-2735-4A48-87B6-7E7D5E0021BC} = {112F2018-EA59-466C-BDEE-9EF2F848EA2B}
		{7D63C17D-11ED-4BA0-AA25-1845C2918532} = {112F2018-EA59-466C-BDEE-9EF2F848EA2B}
		{C7D2F8D1-D721-41FB-8DAD-938F54038133} = {112F2018-EA59-466C-BDEE-9EF2F848EA2B}
		{40793A27-478B-4357-B4C3-FC8943131F3D} = {112F2018-EA59-466C-BDEE-9EF2F848EA2B}
		{2EF6DD60-E690-4E65-AD06-B3041C0ACDD2} = {112F2018-EA59-466C-BDEE-9EF2F848EA2B}
		{4B0F335C-88AD-4884-B286-0107D24D246B} = {112F2018-EA59-466C-BDEE-9EF2F848EA2B}
		{6C17B7EB-B55B-4878-8EB1-5AA6942FB50F} = {112F2018-EA59-466C-BDEE-9EF2F848EA2B}
		{4D836DC2-6487-4FDB-8496-A2FE6164CEA8} = {112F2018-EA59-466C-BDEE-9EF2F848EA2B}
		{C19FBB99-970C-42ED-8E3F-32EFEC2DF85C} = {112F2018-EA59-466C-BDEE-9EF2F848EA2B}
		{E17DF1C3-8A34-423F-971F-51EFA5AD4AE8} = {112F2018-EA59-466C-BDEE-9EF2F848EA2B}
		{EB2C368F-AF61-4996-A159-C08EF23AD03C} = {112F2018-EA59-466C-BDEE-9EF2F848EA2B}
	EndGlobalSection
	GlobalSection(ExtensibilityGlobals) = postSolution
		SolutionGuid = {F82102BF-600C-41F1-9C60-F506A818F222}
	EndGlobalSection
EndGlobal
