
Microsoft Visual Studio Solution File, Format Version 12.00
# Visual Studio Version 16
VisualStudioVersion = 16.0.33027.164
MinimumVisualStudioVersion = 10.0.40219.1
Project("{FAE04EC0-301F-11D3-BF4B-00C04F79EFBC}") = "RS.UtilityLib", "RS.UtilityLib\RS.UtilityLib.csproj", "{43055DEE-DD87-4B1B-848A-4240E98837D8}"
EndProject
Project("{FAE04EC0-301F-11D3-BF4B-00C04F79EFBC}") = "RS.UtilityLib.StateMachine", "RS.UtilityLib.StateMachine\RS.UtilityLib.StateMachine.csproj", "{DB546C1E-0805-4B9A-A0D3-A5A9F3775E93}"
EndProject
Project("{2150E333-8FDC-42A3-9474-1A3956D46DE8}") = "Krypton.Docking.LTS", "Krypton.Docking.LTS", "{E87168B8-E5DD-4D41-A4F9-B9E5E1006486}"
EndProject
Project("{9A19103F-16F7-4668-BE54-9A1E7A4F7556}") = "Krypton.Docking 2019", "..\irrlicht-1.8.5\codegenerator-master\Standard-Toolkit-353e2ca2c50dd708a8343672d7699c30334d4b31\Source\Krypton Components\Krypton.Docking\Krypton.Docking 2019.csproj", "{78055498-BC59-4C4E-89A4-3E4457550E0A}"
EndProject
Project("{9A19103F-16F7-4668-BE54-9A1E7A4F7556}") = "Krypton.Navigator 2019", "..\irrlicht-1.8.5\codegenerator-master\Standard-Toolkit-353e2ca2c50dd708a8343672d7699c30334d4b31\Source\Krypton Components\Krypton.Navigator\Krypton.Navigator 2019.csproj", "{2EFB9AD6-C992-49C3-A447-752C1567B801}"
EndProject
Project("{9A19103F-16F7-4668-BE54-9A1E7A4F7556}") = "Krypton.Toolkit 2019", "..\irrlicht-1.8.5\codegenerator-master\Standard-Toolkit-353e2ca2c50dd708a8343672d7699c30334d4b31\Source\Krypton Components\Krypton.Toolkit\Krypton.Toolkit 2019.csproj", "{751CEAEA-69CD-484F-AD72-6EDA79173622}"
EndProject
Project("{9A19103F-16F7-4668-BE54-9A1E7A4F7556}") = "Krypton.Workspace 2019", "..\irrlicht-1.8.5\codegenerator-master\Standard-Toolkit-353e2ca2c50dd708a8343672d7699c30334d4b31\Source\Krypton Components\Krypton.Workspace\Krypton.Workspace 2019.csproj", "{61781DF3-B8BE-4379-AB37-2549F8B8A4DB}"
EndProject
Project("{9A19103F-16F7-4668-BE54-9A1E7A4F7556}") = "Krypton.Ribbon 2019", "..\irrlicht-1.8.5\codegenerator-master\Standard-Toolkit-353e2ca2c50dd708a8343672d7699c30334d4b31\Source\Krypton Components\Krypton.Ribbon\Krypton.Ribbon 2019.csproj", "{727A0B86-B014-43D3-8ECC-B3934748B251}"
EndProject
Project("{FAE04EC0-301F-11D3-BF4B-00C04F79EFBC}") = "Docking35", "RS.UtilityLib.Krypton.Docking\Docking35\Docking35.csproj", "{C7EBB7A0-FDC9-4337-B097-DEB956AE7273}"
EndProject
Project("{FAE04EC0-301F-11D3-BF4B-00C04F79EFBC}") = "Workspace35", "RS.UtilityLib.Krypton.Docking\Workspace35\Workspace35.csproj", "{09AFC98A-75A2-49EA-94C2-D208C71E4502}"
EndProject
Project("{FAE04EC0-301F-11D3-BF4B-00C04F79EFBC}") = "Toolkit35", "RS.UtilityLib.Krypton.Docking\Toolkit35\Toolkit35.csproj", "{2079CC05-B5D4-4CE6-8EDA-2480D7FA789E}"
EndProject
Project("{FAE04EC0-301F-11D3-BF4B-00C04F79EFBC}") = "Navigator35", "RS.UtilityLib.Krypton.Docking\Navigator35\Navigator35.csproj", "{618A3BD6-F74D-4ADC-A21E-AAE6BBEFDA68}"
EndProject
Project("{FAE04EC0-301F-11D3-BF4B-00C04F79EFBC}") = "Ribbon35", "RS.UtilityLib.Krypton.Docking\Ribbon35\Ribbon35.csproj", "{A949EF6C-F7F8-4982-969E-1EA2E619EFB8}"
EndProject
Global
	GlobalSection(SolutionConfigurationPlatforms) = preSolution
		Debug|Any CPU = Debug|Any CPU
		Debug|x86 = Debug|x86
		Release|Any CPU = Release|Any CPU
		Release|x86 = Release|x86
	EndGlobalSection
	GlobalSection(ProjectConfigurationPlatforms) = postSolution
		{43055DEE-DD87-4B1B-848A-4240E98837D8}.Debug|Any CPU.ActiveCfg = Debug|Any CPU
		{43055DEE-DD87-4B1B-848A-4240E98837D8}.Debug|Any CPU.Build.0 = Debug|Any CPU
		{43055DEE-DD87-4B1B-848A-4240E98837D8}.Debug|x86.ActiveCfg = Debug|Any CPU
		{43055DEE-DD87-4B1B-848A-4240E98837D8}.Debug|x86.Build.0 = Debug|Any CPU
		{43055DEE-DD87-4B1B-848A-4240E98837D8}.Release|Any CPU.ActiveCfg = Release|Any CPU
		{43055DEE-DD87-4B1B-848A-4240E98837D8}.Release|Any CPU.Build.0 = Release|Any CPU
		{43055DEE-DD87-4B1B-848A-4240E98837D8}.Release|x86.ActiveCfg = Release|Any CPU
		{43055DEE-DD87-4B1B-848A-4240E98837D8}.Release|x86.Build.0 = Release|Any CPU
		{DB546C1E-0805-4B9A-A0D3-A5A9F3775E93}.Debug|Any CPU.ActiveCfg = Debug|Any CPU
		{DB546C1E-0805-4B9A-A0D3-A5A9F3775E93}.Debug|Any CPU.Build.0 = Debug|Any CPU
		{DB546C1E-0805-4B9A-A0D3-A5A9F3775E93}.Debug|x86.ActiveCfg = Debug|Any CPU
		{DB546C1E-0805-4B9A-A0D3-A5A9F3775E93}.Debug|x86.Build.0 = Debug|Any CPU
		{DB546C1E-0805-4B9A-A0D3-A5A9F3775E93}.Release|Any CPU.ActiveCfg = Release|Any CPU
		{DB546C1E-0805-4B9A-A0D3-A5A9F3775E93}.Release|Any CPU.Build.0 = Release|Any CPU
		{DB546C1E-0805-4B9A-A0D3-A5A9F3775E93}.Release|x86.ActiveCfg = Release|Any CPU
		{DB546C1E-0805-4B9A-A0D3-A5A9F3775E93}.Release|x86.Build.0 = Release|Any CPU
		{78055498-BC59-4C4E-89A4-3E4457550E0A}.Debug|Any CPU.ActiveCfg = Debug|Any CPU
		{78055498-BC59-4C4E-89A4-3E4457550E0A}.Debug|Any CPU.Build.0 = Debug|Any CPU
		{78055498-BC59-4C4E-89A4-3E4457550E0A}.Debug|x86.ActiveCfg = Debug|Any CPU
		{78055498-BC59-4C4E-89A4-3E4457550E0A}.Debug|x86.Build.0 = Debug|Any CPU
		{78055498-BC59-4C4E-89A4-3E4457550E0A}.Release|Any CPU.ActiveCfg = Release|Any CPU
		{78055498-BC59-4C4E-89A4-3E4457550E0A}.Release|Any CPU.Build.0 = Release|Any CPU
		{78055498-BC59-4C4E-89A4-3E4457550E0A}.Release|x86.ActiveCfg = Release|Any CPU
		{78055498-BC59-4C4E-89A4-3E4457550E0A}.Release|x86.Build.0 = Release|Any CPU
		{2EFB9AD6-C992-49C3-A447-752C1567B801}.Debug|Any CPU.ActiveCfg = Debug|Any CPU
		{2EFB9AD6-C992-49C3-A447-752C1567B801}.Debug|Any CPU.Build.0 = Debug|Any CPU
		{2EFB9AD6-C992-49C3-A447-752C1567B801}.Debug|x86.ActiveCfg = Debug|Any CPU
		{2EFB9AD6-C992-49C3-A447-752C1567B801}.Debug|x86.Build.0 = Debug|Any CPU
		{2EFB9AD6-C992-49C3-A447-752C1567B801}.Release|Any CPU.ActiveCfg = Release|Any CPU
		{2EFB9AD6-C992-49C3-A447-752C1567B801}.Release|Any CPU.Build.0 = Release|Any CPU
		{2EFB9AD6-C992-49C3-A447-752C1567B801}.Release|x86.ActiveCfg = Release|Any CPU
		{2EFB9AD6-C992-49C3-A447-752C1567B801}.Release|x86.Build.0 = Release|Any CPU
		{751CEAEA-69CD-484F-AD72-6EDA79173622}.Debug|Any CPU.ActiveCfg = Debug|Any CPU
		{751CEAEA-69CD-484F-AD72-6EDA79173622}.Debug|Any CPU.Build.0 = Debug|Any CPU
		{751CEAEA-69CD-484F-AD72-6EDA79173622}.Debug|x86.ActiveCfg = Debug|Any CPU
		{751CEAEA-69CD-484F-AD72-6EDA79173622}.Debug|x86.Build.0 = Debug|Any CPU
		{751CEAEA-69CD-484F-AD72-6EDA79173622}.Release|Any CPU.ActiveCfg = Release|Any CPU
		{751CEAEA-69CD-484F-AD72-6EDA79173622}.Release|Any CPU.Build.0 = Release|Any CPU
		{751CEAEA-69CD-484F-AD72-6EDA79173622}.Release|x86.ActiveCfg = Release|Any CPU
		{751CEAEA-69CD-484F-AD72-6EDA79173622}.Release|x86.Build.0 = Release|Any CPU
		{61781DF3-B8BE-4379-AB37-2549F8B8A4DB}.Debug|Any CPU.ActiveCfg = Debug|Any CPU
		{61781DF3-B8BE-4379-AB37-2549F8B8A4DB}.Debug|Any CPU.Build.0 = Debug|Any CPU
		{61781DF3-B8BE-4379-AB37-2549F8B8A4DB}.Debug|x86.ActiveCfg = Debug|Any CPU
		{61781DF3-B8BE-4379-AB37-2549F8B8A4DB}.Debug|x86.Build.0 = Debug|Any CPU
		{61781DF3-B8BE-4379-AB37-2549F8B8A4DB}.Release|Any CPU.ActiveCfg = Release|Any CPU
		{61781DF3-B8BE-4379-AB37-2549F8B8A4DB}.Release|Any CPU.Build.0 = Release|Any CPU
		{61781DF3-B8BE-4379-AB37-2549F8B8A4DB}.Release|x86.ActiveCfg = Release|Any CPU
		{61781DF3-B8BE-4379-AB37-2549F8B8A4DB}.Release|x86.Build.0 = Release|Any CPU
		{727A0B86-B014-43D3-8ECC-B3934748B251}.Debug|Any CPU.ActiveCfg = Debug|Any CPU
		{727A0B86-B014-43D3-8ECC-B3934748B251}.Debug|Any CPU.Build.0 = Debug|Any CPU
		{727A0B86-B014-43D3-8ECC-B3934748B251}.Debug|x86.ActiveCfg = Debug|Any CPU
		{727A0B86-B014-43D3-8ECC-B3934748B251}.Debug|x86.Build.0 = Debug|Any CPU
		{727A0B86-B014-43D3-8ECC-B3934748B251}.Release|Any CPU.ActiveCfg = Release|Any CPU
		{727A0B86-B014-43D3-8ECC-B3934748B251}.Release|Any CPU.Build.0 = Release|Any CPU
		{727A0B86-B014-43D3-8ECC-B3934748B251}.Release|x86.ActiveCfg = Release|Any CPU
		{727A0B86-B014-43D3-8ECC-B3934748B251}.Release|x86.Build.0 = Release|Any CPU
		{C7EBB7A0-FDC9-4337-B097-DEB956AE7273}.Debug|Any CPU.ActiveCfg = Debug|Any CPU
		{C7EBB7A0-FDC9-4337-B097-DEB956AE7273}.Debug|Any CPU.Build.0 = Debug|Any CPU
		{C7EBB7A0-FDC9-4337-B097-DEB956AE7273}.Debug|x86.ActiveCfg = Debug|Any CPU
		{C7EBB7A0-FDC9-4337-B097-DEB956AE7273}.Debug|x86.Build.0 = Debug|Any CPU
		{C7EBB7A0-FDC9-4337-B097-DEB956AE7273}.Release|Any CPU.ActiveCfg = Release|Any CPU
		{C7EBB7A0-FDC9-4337-B097-DEB956AE7273}.Release|Any CPU.Build.0 = Release|Any CPU
		{C7EBB7A0-FDC9-4337-B097-DEB956AE7273}.Release|x86.ActiveCfg = Release|Any CPU
		{C7EBB7A0-FDC9-4337-B097-DEB956AE7273}.Release|x86.Build.0 = Release|Any CPU
		{09AFC98A-75A2-49EA-94C2-D208C71E4502}.Debug|Any CPU.ActiveCfg = Debug|Any CPU
		{09AFC98A-75A2-49EA-94C2-D208C71E4502}.Debug|Any CPU.Build.0 = Debug|Any CPU
		{09AFC98A-75A2-49EA-94C2-D208C71E4502}.Debug|x86.ActiveCfg = Debug|Any CPU
		{09AFC98A-75A2-49EA-94C2-D208C71E4502}.Debug|x86.Build.0 = Debug|Any CPU
		{09AFC98A-75A2-49EA-94C2-D208C71E4502}.Release|Any CPU.ActiveCfg = Release|Any CPU
		{09AFC98A-75A2-49EA-94C2-D208C71E4502}.Release|Any CPU.Build.0 = Release|Any CPU
		{09AFC98A-75A2-49EA-94C2-D208C71E4502}.Release|x86.ActiveCfg = Release|Any CPU
		{09AFC98A-75A2-49EA-94C2-D208C71E4502}.Release|x86.Build.0 = Release|Any CPU
		{2079CC05-B5D4-4CE6-8EDA-2480D7FA789E}.Debug|Any CPU.ActiveCfg = Debug|Any CPU
		{2079CC05-B5D4-4CE6-8EDA-2480D7FA789E}.Debug|Any CPU.Build.0 = Debug|Any CPU
		{2079CC05-B5D4-4CE6-8EDA-2480D7FA789E}.Debug|x86.ActiveCfg = Debug|Any CPU
		{2079CC05-B5D4-4CE6-8EDA-2480D7FA789E}.Debug|x86.Build.0 = Debug|Any CPU
		{2079CC05-B5D4-4CE6-8EDA-2480D7FA789E}.Release|Any CPU.ActiveCfg = Release|Any CPU
		{2079CC05-B5D4-4CE6-8EDA-2480D7FA789E}.Release|Any CPU.Build.0 = Release|Any CPU
		{2079CC05-B5D4-4CE6-8EDA-2480D7FA789E}.Release|x86.ActiveCfg = Release|Any CPU
		{2079CC05-B5D4-4CE6-8EDA-2480D7FA789E}.Release|x86.Build.0 = Release|Any CPU
		{618A3BD6-F74D-4ADC-A21E-AAE6BBEFDA68}.Debug|Any CPU.ActiveCfg = Debug|Any CPU
		{618A3BD6-F74D-4ADC-A21E-AAE6BBEFDA68}.Debug|Any CPU.Build.0 = Debug|Any CPU
		{618A3BD6-F74D-4ADC-A21E-AAE6BBEFDA68}.Debug|x86.ActiveCfg = Debug|Any CPU
		{618A3BD6-F74D-4ADC-A21E-AAE6BBEFDA68}.Debug|x86.Build.0 = Debug|Any CPU
		{618A3BD6-F74D-4ADC-A21E-AAE6BBEFDA68}.Release|Any CPU.ActiveCfg = Release|Any CPU
		{618A3BD6-F74D-4ADC-A21E-AAE6BBEFDA68}.Release|Any CPU.Build.0 = Release|Any CPU
		{618A3BD6-F74D-4ADC-A21E-AAE6BBEFDA68}.Release|x86.ActiveCfg = Release|Any CPU
		{618A3BD6-F74D-4ADC-A21E-AAE6BBEFDA68}.Release|x86.Build.0 = Release|Any CPU
		{A949EF6C-F7F8-4982-969E-1EA2E619EFB8}.Debug|Any CPU.ActiveCfg = Debug|Any CPU
		{A949EF6C-F7F8-4982-969E-1EA2E619EFB8}.Debug|Any CPU.Build.0 = Debug|Any CPU
		{A949EF6C-F7F8-4982-969E-1EA2E619EFB8}.Debug|x86.ActiveCfg = Debug|Any CPU
		{A949EF6C-F7F8-4982-969E-1EA2E619EFB8}.Debug|x86.Build.0 = Debug|Any CPU
		{A949EF6C-F7F8-4982-969E-1EA2E619EFB8}.Release|Any CPU.ActiveCfg = Release|Any CPU
		{A949EF6C-F7F8-4982-969E-1EA2E619EFB8}.Release|Any CPU.Build.0 = Release|Any CPU
		{A949EF6C-F7F8-4982-969E-1EA2E619EFB8}.Release|x86.ActiveCfg = Release|Any CPU
		{A949EF6C-F7F8-4982-969E-1EA2E619EFB8}.Release|x86.Build.0 = Release|Any CPU
	EndGlobalSection
	GlobalSection(SolutionProperties) = preSolution
		HideSolutionNode = FALSE
	EndGlobalSection
	GlobalSection(NestedProjects) = preSolution
		{78055498-BC59-4C4E-89A4-3E4457550E0A} = {E87168B8-E5DD-4D41-A4F9-B9E5E1006486}
		{2EFB9AD6-C992-49C3-A447-752C1567B801} = {E87168B8-E5DD-4D41-A4F9-B9E5E1006486}
		{751CEAEA-69CD-484F-AD72-6EDA79173622} = {E87168B8-E5DD-4D41-A4F9-B9E5E1006486}
		{61781DF3-B8BE-4379-AB37-2549F8B8A4DB} = {E87168B8-E5DD-4D41-A4F9-B9E5E1006486}
		{727A0B86-B014-43D3-8ECC-B3934748B251} = {E87168B8-E5DD-4D41-A4F9-B9E5E1006486}
		{C7EBB7A0-FDC9-4337-B097-DEB956AE7273} = {E87168B8-E5DD-4D41-A4F9-B9E5E1006486}
		{09AFC98A-75A2-49EA-94C2-D208C71E4502} = {E87168B8-E5DD-4D41-A4F9-B9E5E1006486}
		{2079CC05-B5D4-4CE6-8EDA-2480D7FA789E} = {E87168B8-E5DD-4D41-A4F9-B9E5E1006486}
		{618A3BD6-F74D-4ADC-A21E-AAE6BBEFDA68} = {E87168B8-E5DD-4D41-A4F9-B9E5E1006486}
		{A949EF6C-F7F8-4982-969E-1EA2E619EFB8} = {E87168B8-E5DD-4D41-A4F9-B9E5E1006486}
	EndGlobalSection
	GlobalSection(ExtensibilityGlobals) = postSolution
		SolutionGuid = {F82102BF-600C-41F1-9C60-F506A818F222}
	EndGlobalSection
EndGlobal
